// !$*UTF8*$!
{
	archiveVersion = 1;
	classes = {
	};
	objectVersion = 56;
	objects = {

/* Begin PBXBuildFile section */
		6E5583332A45847400FCDBD4 /* XploreTests.swift in Sources */ = {isa = PBXBuildFile; fileRef = 6E5583322A45847400FCDBD4 /* XploreTests.swift */; };
		6E55833D2A45847400FCDBD4 /* XploreUITests.swift in Sources */ = {isa = PBXBuildFile; fileRef = 6E55833C2A45847400FCDBD4 /* XploreUITests.swift */; };
		6E55833F2A45847400FCDBD4 /* XploreUITestsLaunchTests.swift in Sources */ = {isa = PBXBuildFile; fileRef = 6E55833E2A45847400FCDBD4 /* XploreUITestsLaunchTests.swift */; };
		6E6D449F2A4D70A30032D912 /* Persistence.swift in Sources */ = {isa = PBXBuildFile; fileRef = 6E6D44762A4D70A30032D912 /* Persistence.swift */; };
		6E6D44A02A4D70A30032D912 /* CountriesAPI.swift in Sources */ = {isa = PBXBuildFile; fileRef = 6E6D44782A4D70A30032D912 /* CountriesAPI.swift */; };
		6E6D44A12A4D70A30032D912 /* DatabaseKeys.swift in Sources */ = {isa = PBXBuildFile; fileRef = 6E6D44792A4D70A30032D912 /* DatabaseKeys.swift */; };
		6E6D44A22A4D70A30032D912 /* Xplore.xcdatamodeld in Sources */ = {isa = PBXBuildFile; fileRef = 6E6D447A2A4D70A30032D912 /* Xplore.xcdatamodeld */; };
		6E6D44A32A4D70A30032D912 /* Assets.xcassets in Resources */ = {isa = PBXBuildFile; fileRef = 6E6D447C2A4D70A30032D912 /* Assets.xcassets */; };
		6E6D44A42A4D70A30032D912 /* PhotoPickermodel.swift in Sources */ = {isa = PBXBuildFile; fileRef = 6E6D447E2A4D70A30032D912 /* PhotoPickermodel.swift */; };
		6E6D44A52A4D70A30032D912 /* InputModels.swift in Sources */ = {isa = PBXBuildFile; fileRef = 6E6D447F2A4D70A30032D912 /* InputModels.swift */; };
		6E6D44A62A4D70A30032D912 /* CountryModel.swift in Sources */ = {isa = PBXBuildFile; fileRef = 6E6D44802A4D70A30032D912 /* CountryModel.swift */; };
		6E6D44A72A4D70A30032D912 /* PostModel.swift in Sources */ = {isa = PBXBuildFile; fileRef = 6E6D44812A4D70A30032D912 /* PostModel.swift */; };
		6E6D44A82A4D70A30032D912 /* GoogleService-Info.plist in Resources */ = {isa = PBXBuildFile; fileRef = 6E6D44822A4D70A30032D912 /* GoogleService-Info.plist */; };
		6E6D44A92A4D70A30032D912 /* Preview Assets.xcassets in Resources */ = {isa = PBXBuildFile; fileRef = 6E6D44842A4D70A30032D912 /* Preview Assets.xcassets */; };
		6E6D44AA2A4D70A30032D912 /* ImageUrlGetter.swift in Sources */ = {isa = PBXBuildFile; fileRef = 6E6D44872A4D70A30032D912 /* ImageUrlGetter.swift */; };
		6E6D44AB2A4D70A30032D912 /* AvatarImageView.swift in Sources */ = {isa = PBXBuildFile; fileRef = 6E6D44882A4D70A30032D912 /* AvatarImageView.swift */; };
		6E6D44AC2A4D70A30032D912 /* PhotoPicker.swift in Sources */ = {isa = PBXBuildFile; fileRef = 6E6D44892A4D70A30032D912 /* PhotoPicker.swift */; };
		6E6D44AD2A4D70A30032D912 /* PhotoSelectionView.swift in Sources */ = {isa = PBXBuildFile; fileRef = 6E6D448A2A4D70A30032D912 /* PhotoSelectionView.swift */; };
		6E6D44AE2A4D70A30032D912 /* SearchInput.swift in Sources */ = {isa = PBXBuildFile; fileRef = 6E6D448B2A4D70A30032D912 /* SearchInput.swift */; };
		6E6D44AF2A4D70A30032D912 /* SearchDropdown.swift in Sources */ = {isa = PBXBuildFile; fileRef = 6E6D448C2A4D70A30032D912 /* SearchDropdown.swift */; };
		6E6D44B02A4D70A30032D912 /* TopMap.swift in Sources */ = {isa = PBXBuildFile; fileRef = 6E6D448D2A4D70A30032D912 /* TopMap.swift */; };
		6E6D44B12A4D70A30032D912 /* FeedComp.swift in Sources */ = {isa = PBXBuildFile; fileRef = 6E6D448E2A4D70A30032D912 /* FeedComp.swift */; };
		6E6D44B22A4D70A30032D912 /* MainNavigation.swift in Sources */ = {isa = PBXBuildFile; fileRef = 6E6D44902A4D70A30032D912 /* MainNavigation.swift */; };
		6E6D44B32A4D70A30032D912 /* FavoritesCard.swift in Sources */ = {isa = PBXBuildFile; fileRef = 6E6D44912A4D70A30032D912 /* FavoritesCard.swift */; };
		6E6D44B42A4D70A30032D912 /* BottomMap.swift in Sources */ = {isa = PBXBuildFile; fileRef = 6E6D44922A4D70A30032D912 /* BottomMap.swift */; };
		6E6D44B52A4D70A30032D912 /* TextFieldComp.swift in Sources */ = {isa = PBXBuildFile; fileRef = 6E6D44932A4D70A30032D912 /* TextFieldComp.swift */; };
		6E6D44B62A4D70A30032D912 /* XploreApp.swift in Sources */ = {isa = PBXBuildFile; fileRef = 6E6D44942A4D70A30032D912 /* XploreApp.swift */; };
		6E6D44B72A4D70A30032D912 /* FavouritesView.swift in Sources */ = {isa = PBXBuildFile; fileRef = 6E6D44962A4D70A30032D912 /* FavouritesView.swift */; };
		6E6D44B82A4D70A30032D912 /* CountryDetailView.swift in Sources */ = {isa = PBXBuildFile; fileRef = 6E6D44972A4D70A30032D912 /* CountryDetailView.swift */; };
		6E6D44B92A4D70A30032D912 /* LoginView.swift in Sources */ = {isa = PBXBuildFile; fileRef = 6E6D44982A4D70A30032D912 /* LoginView.swift */; };
		6E6D44BA2A4D70A30032D912 /* AddPostView.swift in Sources */ = {isa = PBXBuildFile; fileRef = 6E6D44992A4D70A30032D912 /* AddPostView.swift */; };
		6E6D44BB2A4D70A30032D912 /* TestView.swift in Sources */ = {isa = PBXBuildFile; fileRef = 6E6D449A2A4D70A30032D912 /* TestView.swift */; };
		6E6D44BC2A4D70A30032D912 /* SplashView.swift in Sources */ = {isa = PBXBuildFile; fileRef = 6E6D449B2A4D70A30032D912 /* SplashView.swift */; };
		6E6D44BD2A4D70A30032D912 /* RegisterView.swift in Sources */ = {isa = PBXBuildFile; fileRef = 6E6D449C2A4D70A30032D912 /* RegisterView.swift */; };
		6E6D44BE2A4D70A30032D912 /* FeedView.swift in Sources */ = {isa = PBXBuildFile; fileRef = 6E6D449D2A4D70A30032D912 /* FeedView.swift */; };
		6E6D44BF2A4D70A30032D912 /* ContentView.swift in Sources */ = {isa = PBXBuildFile; fileRef = 6E6D449E2A4D70A30032D912 /* ContentView.swift */; };
		80C37BEB2A4D9731009AAE4E /* SearchCountryModel.swift in Sources */ = {isa = PBXBuildFile; fileRef = 80C37BEA2A4D9731009AAE4E /* SearchCountryModel.swift */; };
		D6B6F3082A458B24004520E2 /* FirebaseAuth in Frameworks */ = {isa = PBXBuildFile; productRef = D6B6F3072A458B24004520E2 /* FirebaseAuth */; };
		D6B6F30A2A458B24004520E2 /* FirebaseAuthCombine-Community in Frameworks */ = {isa = PBXBuildFile; productRef = D6B6F3092A458B24004520E2 /* FirebaseAuthCombine-Community */; };
		D6B6F30C2A458B24004520E2 /* FirebaseDatabase in Frameworks */ = {isa = PBXBuildFile; productRef = D6B6F30B2A458B24004520E2 /* FirebaseDatabase */; };
		D6B6F30E2A458B24004520E2 /* FirebaseDatabaseSwift in Frameworks */ = {isa = PBXBuildFile; productRef = D6B6F30D2A458B24004520E2 /* FirebaseDatabaseSwift */; };
		D6B6F3102A458B24004520E2 /* FirebaseFirestore in Frameworks */ = {isa = PBXBuildFile; productRef = D6B6F30F2A458B24004520E2 /* FirebaseFirestore */; };
		D6B6F3122A458B24004520E2 /* FirebaseFirestoreCombine-Community in Frameworks */ = {isa = PBXBuildFile; productRef = D6B6F3112A458B24004520E2 /* FirebaseFirestoreCombine-Community */; };
		D6B6F3142A458B24004520E2 /* FirebaseFirestoreSwift in Frameworks */ = {isa = PBXBuildFile; productRef = D6B6F3132A458B24004520E2 /* FirebaseFirestoreSwift */; };
		D6B6F3162A458B24004520E2 /* FirebaseStorage in Frameworks */ = {isa = PBXBuildFile; productRef = D6B6F3152A458B24004520E2 /* FirebaseStorage */; };
		D6B6F3182A458B24004520E2 /* FirebaseStorageCombine-Community in Frameworks */ = {isa = PBXBuildFile; productRef = D6B6F3172A458B24004520E2 /* FirebaseStorageCombine-Community */; };
		D6C3BE422A49B2000054D9A8 /* SwiftSVG in Frameworks */ = {isa = PBXBuildFile; productRef = D6C3BE412A49B2000054D9A8 /* SwiftSVG */; };
/* End PBXBuildFile section */

/* Begin PBXContainerItemProxy section */
		6E55832F2A45847400FCDBD4 /* PBXContainerItemProxy */ = {
			isa = PBXContainerItemProxy;
			containerPortal = 6E5583112A45847100FCDBD4 /* Project object */;
			proxyType = 1;
			remoteGlobalIDString = 6E5583182A45847100FCDBD4;
			remoteInfo = Xplore;
		};
		6E5583392A45847400FCDBD4 /* PBXContainerItemProxy */ = {
			isa = PBXContainerItemProxy;
			containerPortal = 6E5583112A45847100FCDBD4 /* Project object */;
			proxyType = 1;
			remoteGlobalIDString = 6E5583182A45847100FCDBD4;
			remoteInfo = Xplore;
		};
/* End PBXContainerItemProxy section */

/* Begin PBXFileReference section */
		6E5583192A45847100FCDBD4 /* Xplore.app */ = {isa = PBXFileReference; explicitFileType = wrapper.application; includeInIndex = 0; path = Xplore.app; sourceTree = BUILT_PRODUCTS_DIR; };
		6E55832E2A45847400FCDBD4 /* XploreTests.xctest */ = {isa = PBXFileReference; explicitFileType = wrapper.cfbundle; includeInIndex = 0; path = XploreTests.xctest; sourceTree = BUILT_PRODUCTS_DIR; };
		6E5583322A45847400FCDBD4 /* XploreTests.swift */ = {isa = PBXFileReference; lastKnownFileType = sourcecode.swift; path = XploreTests.swift; sourceTree = "<group>"; };
		6E5583382A45847400FCDBD4 /* XploreUITests.xctest */ = {isa = PBXFileReference; explicitFileType = wrapper.cfbundle; includeInIndex = 0; path = XploreUITests.xctest; sourceTree = BUILT_PRODUCTS_DIR; };
		6E55833C2A45847400FCDBD4 /* XploreUITests.swift */ = {isa = PBXFileReference; lastKnownFileType = sourcecode.swift; path = XploreUITests.swift; sourceTree = "<group>"; };
		6E55833E2A45847400FCDBD4 /* XploreUITestsLaunchTests.swift */ = {isa = PBXFileReference; lastKnownFileType = sourcecode.swift; path = XploreUITestsLaunchTests.swift; sourceTree = "<group>"; };
		6E6D44762A4D70A30032D912 /* Persistence.swift */ = {isa = PBXFileReference; fileEncoding = 4; lastKnownFileType = sourcecode.swift; path = Persistence.swift; sourceTree = "<group>"; };
		6E6D44782A4D70A30032D912 /* CountriesAPI.swift */ = {isa = PBXFileReference; fileEncoding = 4; lastKnownFileType = sourcecode.swift; path = CountriesAPI.swift; sourceTree = "<group>"; };
		6E6D44792A4D70A30032D912 /* DatabaseKeys.swift */ = {isa = PBXFileReference; fileEncoding = 4; lastKnownFileType = sourcecode.swift; path = DatabaseKeys.swift; sourceTree = "<group>"; };
		6E6D447B2A4D70A30032D912 /* Xplore.xcdatamodel */ = {isa = PBXFileReference; lastKnownFileType = wrapper.xcdatamodel; path = Xplore.xcdatamodel; sourceTree = "<group>"; };
		6E6D447C2A4D70A30032D912 /* Assets.xcassets */ = {isa = PBXFileReference; lastKnownFileType = folder.assetcatalog; path = Assets.xcassets; sourceTree = "<group>"; };
		6E6D447E2A4D70A30032D912 /* PhotoPickermodel.swift */ = {isa = PBXFileReference; fileEncoding = 4; lastKnownFileType = sourcecode.swift; path = PhotoPickermodel.swift; sourceTree = "<group>"; };
		6E6D447F2A4D70A30032D912 /* InputModels.swift */ = {isa = PBXFileReference; fileEncoding = 4; lastKnownFileType = sourcecode.swift; path = InputModels.swift; sourceTree = "<group>"; };
		6E6D44802A4D70A30032D912 /* CountryModel.swift */ = {isa = PBXFileReference; fileEncoding = 4; lastKnownFileType = sourcecode.swift; path = CountryModel.swift; sourceTree = "<group>"; };
		6E6D44812A4D70A30032D912 /* PostModel.swift */ = {isa = PBXFileReference; fileEncoding = 4; lastKnownFileType = sourcecode.swift; path = PostModel.swift; sourceTree = "<group>"; };
		6E6D44822A4D70A30032D912 /* GoogleService-Info.plist */ = {isa = PBXFileReference; fileEncoding = 4; lastKnownFileType = text.plist.xml; path = "GoogleService-Info.plist"; sourceTree = "<group>"; };
		6E6D44842A4D70A30032D912 /* Preview Assets.xcassets */ = {isa = PBXFileReference; lastKnownFileType = folder.assetcatalog; path = "Preview Assets.xcassets"; sourceTree = "<group>"; };
		6E6D44872A4D70A30032D912 /* ImageUrlGetter.swift */ = {isa = PBXFileReference; fileEncoding = 4; lastKnownFileType = sourcecode.swift; path = ImageUrlGetter.swift; sourceTree = "<group>"; };
		6E6D44882A4D70A30032D912 /* AvatarImageView.swift */ = {isa = PBXFileReference; fileEncoding = 4; lastKnownFileType = sourcecode.swift; path = AvatarImageView.swift; sourceTree = "<group>"; };
		6E6D44892A4D70A30032D912 /* PhotoPicker.swift */ = {isa = PBXFileReference; fileEncoding = 4; lastKnownFileType = sourcecode.swift; path = PhotoPicker.swift; sourceTree = "<group>"; };
		6E6D448A2A4D70A30032D912 /* PhotoSelectionView.swift */ = {isa = PBXFileReference; fileEncoding = 4; lastKnownFileType = sourcecode.swift; path = PhotoSelectionView.swift; sourceTree = "<group>"; };
		6E6D448B2A4D70A30032D912 /* SearchInput.swift */ = {isa = PBXFileReference; fileEncoding = 4; lastKnownFileType = sourcecode.swift; path = SearchInput.swift; sourceTree = "<group>"; };
		6E6D448C2A4D70A30032D912 /* SearchDropdown.swift */ = {isa = PBXFileReference; fileEncoding = 4; lastKnownFileType = sourcecode.swift; path = SearchDropdown.swift; sourceTree = "<group>"; };
		6E6D448D2A4D70A30032D912 /* TopMap.swift */ = {isa = PBXFileReference; fileEncoding = 4; lastKnownFileType = sourcecode.swift; path = TopMap.swift; sourceTree = "<group>"; };
		6E6D448E2A4D70A30032D912 /* FeedComp.swift */ = {isa = PBXFileReference; fileEncoding = 4; lastKnownFileType = sourcecode.swift; path = FeedComp.swift; sourceTree = "<group>"; };
		6E6D44902A4D70A30032D912 /* MainNavigation.swift */ = {isa = PBXFileReference; fileEncoding = 4; lastKnownFileType = sourcecode.swift; path = MainNavigation.swift; sourceTree = "<group>"; };
		6E6D44912A4D70A30032D912 /* FavoritesCard.swift */ = {isa = PBXFileReference; fileEncoding = 4; lastKnownFileType = sourcecode.swift; path = FavoritesCard.swift; sourceTree = "<group>"; };
		6E6D44922A4D70A30032D912 /* BottomMap.swift */ = {isa = PBXFileReference; fileEncoding = 4; lastKnownFileType = sourcecode.swift; path = BottomMap.swift; sourceTree = "<group>"; };
		6E6D44932A4D70A30032D912 /* TextFieldComp.swift */ = {isa = PBXFileReference; fileEncoding = 4; lastKnownFileType = sourcecode.swift; path = TextFieldComp.swift; sourceTree = "<group>"; };
		6E6D44942A4D70A30032D912 /* XploreApp.swift */ = {isa = PBXFileReference; fileEncoding = 4; lastKnownFileType = sourcecode.swift; path = XploreApp.swift; sourceTree = "<group>"; };
		6E6D44962A4D70A30032D912 /* FavouritesView.swift */ = {isa = PBXFileReference; fileEncoding = 4; lastKnownFileType = sourcecode.swift; path = FavouritesView.swift; sourceTree = "<group>"; };
		6E6D44972A4D70A30032D912 /* CountryDetailView.swift */ = {isa = PBXFileReference; fileEncoding = 4; lastKnownFileType = sourcecode.swift; path = CountryDetailView.swift; sourceTree = "<group>"; };
		6E6D44982A4D70A30032D912 /* LoginView.swift */ = {isa = PBXFileReference; fileEncoding = 4; lastKnownFileType = sourcecode.swift; path = LoginView.swift; sourceTree = "<group>"; };
		6E6D44992A4D70A30032D912 /* AddPostView.swift */ = {isa = PBXFileReference; fileEncoding = 4; lastKnownFileType = sourcecode.swift; path = AddPostView.swift; sourceTree = "<group>"; };
		6E6D449A2A4D70A30032D912 /* TestView.swift */ = {isa = PBXFileReference; fileEncoding = 4; lastKnownFileType = sourcecode.swift; path = TestView.swift; sourceTree = "<group>"; };
		6E6D449B2A4D70A30032D912 /* SplashView.swift */ = {isa = PBXFileReference; fileEncoding = 4; lastKnownFileType = sourcecode.swift; path = SplashView.swift; sourceTree = "<group>"; };
		6E6D449C2A4D70A30032D912 /* RegisterView.swift */ = {isa = PBXFileReference; fileEncoding = 4; lastKnownFileType = sourcecode.swift; path = RegisterView.swift; sourceTree = "<group>"; };
		6E6D449D2A4D70A30032D912 /* FeedView.swift */ = {isa = PBXFileReference; fileEncoding = 4; lastKnownFileType = sourcecode.swift; path = FeedView.swift; sourceTree = "<group>"; };
		6E6D449E2A4D70A30032D912 /* ContentView.swift */ = {isa = PBXFileReference; fileEncoding = 4; lastKnownFileType = sourcecode.swift; path = ContentView.swift; sourceTree = "<group>"; };
		80C37BEA2A4D9731009AAE4E /* SearchCountryModel.swift */ = {isa = PBXFileReference; lastKnownFileType = sourcecode.swift; path = SearchCountryModel.swift; sourceTree = "<group>"; };
/* End PBXFileReference section */

/* Begin PBXFrameworksBuildPhase section */
		6E5583162A45847100FCDBD4 /* Frameworks */ = {
			isa = PBXFrameworksBuildPhase;
			buildActionMask = 2147483647;
			files = (
				D6B6F30E2A458B24004520E2 /* FirebaseDatabaseSwift in Frameworks */,
				D6B6F30C2A458B24004520E2 /* FirebaseDatabase in Frameworks */,
				D6B6F3082A458B24004520E2 /* FirebaseAuth in Frameworks */,
				D6B6F3142A458B24004520E2 /* FirebaseFirestoreSwift in Frameworks */,
				D6B6F3122A458B24004520E2 /* FirebaseFirestoreCombine-Community in Frameworks */,
				D6C3BE422A49B2000054D9A8 /* SwiftSVG in Frameworks */,
				D6B6F3162A458B24004520E2 /* FirebaseStorage in Frameworks */,
				D6B6F3102A458B24004520E2 /* FirebaseFirestore in Frameworks */,
				D6B6F3182A458B24004520E2 /* FirebaseStorageCombine-Community in Frameworks */,
				D6B6F30A2A458B24004520E2 /* FirebaseAuthCombine-Community in Frameworks */,
			);
			runOnlyForDeploymentPostprocessing = 0;
		};
		6E55832B2A45847400FCDBD4 /* Frameworks */ = {
			isa = PBXFrameworksBuildPhase;
			buildActionMask = 2147483647;
			files = (
			);
			runOnlyForDeploymentPostprocessing = 0;
		};
		6E5583352A45847400FCDBD4 /* Frameworks */ = {
			isa = PBXFrameworksBuildPhase;
			buildActionMask = 2147483647;
			files = (
			);
			runOnlyForDeploymentPostprocessing = 0;
		};
/* End PBXFrameworksBuildPhase section */

/* Begin PBXGroup section */
		6E5583102A45847100FCDBD4 = {
			isa = PBXGroup;
			children = (
				6E6D44752A4D70A30032D912 /* Xplore */,
				6E5583312A45847400FCDBD4 /* XploreTests */,
				6E55833B2A45847400FCDBD4 /* XploreUITests */,
				6E55831A2A45847100FCDBD4 /* Products */,
			);
			sourceTree = "<group>";
		};
		6E55831A2A45847100FCDBD4 /* Products */ = {
			isa = PBXGroup;
			children = (
				6E5583192A45847100FCDBD4 /* Xplore.app */,
				6E55832E2A45847400FCDBD4 /* XploreTests.xctest */,
				6E5583382A45847400FCDBD4 /* XploreUITests.xctest */,
			);
			name = Products;
			sourceTree = "<group>";
		};
		6E5583312A45847400FCDBD4 /* XploreTests */ = {
			isa = PBXGroup;
			children = (
				6E5583322A45847400FCDBD4 /* XploreTests.swift */,
			);
			path = XploreTests;
			sourceTree = "<group>";
		};
		6E55833B2A45847400FCDBD4 /* XploreUITests */ = {
			isa = PBXGroup;
			children = (
				6E55833C2A45847400FCDBD4 /* XploreUITests.swift */,
				6E55833E2A45847400FCDBD4 /* XploreUITestsLaunchTests.swift */,
			);
			path = XploreUITests;
			sourceTree = "<group>";
		};
		6E6D44752A4D70A30032D912 /* Xplore */ = {
			isa = PBXGroup;
			children = (
				6E6D44762A4D70A30032D912 /* Persistence.swift */,
				6E6D44772A4D70A30032D912 /* Networking */,
				6E6D447A2A4D70A30032D912 /* Xplore.xcdatamodeld */,
				6E6D447C2A4D70A30032D912 /* Assets.xcassets */,
				6E6D447D2A4D70A30032D912 /* Models */,
				6E6D44822A4D70A30032D912 /* GoogleService-Info.plist */,
				6E6D44832A4D70A30032D912 /* Preview Content */,
				6E6D44852A4D70A30032D912 /* Components */,
				6E6D44942A4D70A30032D912 /* XploreApp.swift */,
				6E6D44952A4D70A30032D912 /* Views */,
			);
			path = Xplore;
			sourceTree = "<group>";
		};
		6E6D44772A4D70A30032D912 /* Networking */ = {
			isa = PBXGroup;
			children = (
				6E6D44782A4D70A30032D912 /* CountriesAPI.swift */,
				6E6D44792A4D70A30032D912 /* DatabaseKeys.swift */,
			);
			path = Networking;
			sourceTree = "<group>";
		};
		6E6D447D2A4D70A30032D912 /* Models */ = {
			isa = PBXGroup;
			children = (
				6E6D447E2A4D70A30032D912 /* PhotoPickermodel.swift */,
				6E6D447F2A4D70A30032D912 /* InputModels.swift */,
				6E6D44802A4D70A30032D912 /* CountryModel.swift */,
				6E6D44812A4D70A30032D912 /* PostModel.swift */,
				80C37BEA2A4D9731009AAE4E /* SearchCountryModel.swift */,
			);
			path = Models;
			sourceTree = "<group>";
		};
		6E6D44832A4D70A30032D912 /* Preview Content */ = {
			isa = PBXGroup;
			children = (
				6E6D44842A4D70A30032D912 /* Preview Assets.xcassets */,
			);
			path = "Preview Content";
			sourceTree = "<group>";
		};
		6E6D44852A4D70A30032D912 /* Components */ = {
			isa = PBXGroup;
			children = (
				6E6D44862A4D70A30032D912 /* PhotoPicker */,
				6E6D448B2A4D70A30032D912 /* SearchInput.swift */,
				6E6D448C2A4D70A30032D912 /* SearchDropdown.swift */,
				6E6D448D2A4D70A30032D912 /* TopMap.swift */,
				6E6D448E2A4D70A30032D912 /* FeedComp.swift */,
				6E6D448F2A4D70A30032D912 /* Navigation */,
				6E6D44912A4D70A30032D912 /* FavoritesCard.swift */,
				6E6D44922A4D70A30032D912 /* BottomMap.swift */,
				6E6D44932A4D70A30032D912 /* TextFieldComp.swift */,
			);
			path = Components;
			sourceTree = "<group>";
		};
		6E6D44862A4D70A30032D912 /* PhotoPicker */ = {
			isa = PBXGroup;
			children = (
				6E6D44872A4D70A30032D912 /* ImageUrlGetter.swift */,
				6E6D44882A4D70A30032D912 /* AvatarImageView.swift */,
				6E6D44892A4D70A30032D912 /* PhotoPicker.swift */,
				6E6D448A2A4D70A30032D912 /* PhotoSelectionView.swift */,
			);
			path = PhotoPicker;
			sourceTree = "<group>";
		};
		6E6D448F2A4D70A30032D912 /* Navigation */ = {
			isa = PBXGroup;
			children = (
				6E6D44902A4D70A30032D912 /* MainNavigation.swift */,
			);
			path = Navigation;
			sourceTree = "<group>";
		};
		6E6D44952A4D70A30032D912 /* Views */ = {
			isa = PBXGroup;
			children = (
				6E6D44962A4D70A30032D912 /* FavouritesView.swift */,
				6E6D44972A4D70A30032D912 /* CountryDetailView.swift */,
				6E6D44982A4D70A30032D912 /* LoginView.swift */,
				6E6D44992A4D70A30032D912 /* AddPostView.swift */,
				6E6D449A2A4D70A30032D912 /* TestView.swift */,
				6E6D449B2A4D70A30032D912 /* SplashView.swift */,
				6E6D449C2A4D70A30032D912 /* RegisterView.swift */,
				6E6D449D2A4D70A30032D912 /* FeedView.swift */,
				6E6D449E2A4D70A30032D912 /* ContentView.swift */,
			);
			path = Views;
			sourceTree = "<group>";
		};
/* End PBXGroup section */

/* Begin PBXNativeTarget section */
		6E5583182A45847100FCDBD4 /* Xplore */ = {
			isa = PBXNativeTarget;
			buildConfigurationList = 6E5583422A45847400FCDBD4 /* Build configuration list for PBXNativeTarget "Xplore" */;
			buildPhases = (
				6E5583152A45847100FCDBD4 /* Sources */,
				6E5583162A45847100FCDBD4 /* Frameworks */,
				6E5583172A45847100FCDBD4 /* Resources */,
			);
			buildRules = (
			);
			dependencies = (
			);
			name = Xplore;
			packageProductDependencies = (
				D6B6F3072A458B24004520E2 /* FirebaseAuth */,
				D6B6F3092A458B24004520E2 /* FirebaseAuthCombine-Community */,
				D6B6F30B2A458B24004520E2 /* FirebaseDatabase */,
				D6B6F30D2A458B24004520E2 /* FirebaseDatabaseSwift */,
				D6B6F30F2A458B24004520E2 /* FirebaseFirestore */,
				D6B6F3112A458B24004520E2 /* FirebaseFirestoreCombine-Community */,
				D6B6F3132A458B24004520E2 /* FirebaseFirestoreSwift */,
				D6B6F3152A458B24004520E2 /* FirebaseStorage */,
				D6B6F3172A458B24004520E2 /* FirebaseStorageCombine-Community */,
				D6C3BE412A49B2000054D9A8 /* SwiftSVG */,
			);
			productName = Xplore;
			productReference = 6E5583192A45847100FCDBD4 /* Xplore.app */;
			productType = "com.apple.product-type.application";
		};
		6E55832D2A45847400FCDBD4 /* XploreTests */ = {
			isa = PBXNativeTarget;
			buildConfigurationList = 6E5583452A45847400FCDBD4 /* Build configuration list for PBXNativeTarget "XploreTests" */;
			buildPhases = (
				6E55832A2A45847400FCDBD4 /* Sources */,
				6E55832B2A45847400FCDBD4 /* Frameworks */,
				6E55832C2A45847400FCDBD4 /* Resources */,
			);
			buildRules = (
			);
			dependencies = (
				6E5583302A45847400FCDBD4 /* PBXTargetDependency */,
			);
			name = XploreTests;
			productName = XploreTests;
			productReference = 6E55832E2A45847400FCDBD4 /* XploreTests.xctest */;
			productType = "com.apple.product-type.bundle.unit-test";
		};
		6E5583372A45847400FCDBD4 /* XploreUITests */ = {
			isa = PBXNativeTarget;
			buildConfigurationList = 6E5583482A45847400FCDBD4 /* Build configuration list for PBXNativeTarget "XploreUITests" */;
			buildPhases = (
				6E5583342A45847400FCDBD4 /* Sources */,
				6E5583352A45847400FCDBD4 /* Frameworks */,
				6E5583362A45847400FCDBD4 /* Resources */,
			);
			buildRules = (
			);
			dependencies = (
				6E55833A2A45847400FCDBD4 /* PBXTargetDependency */,
			);
			name = XploreUITests;
			productName = XploreUITests;
			productReference = 6E5583382A45847400FCDBD4 /* XploreUITests.xctest */;
			productType = "com.apple.product-type.bundle.ui-testing";
		};
/* End PBXNativeTarget section */

/* Begin PBXProject section */
		6E5583112A45847100FCDBD4 /* Project object */ = {
			isa = PBXProject;
			attributes = {
				BuildIndependentTargetsInParallel = 1;
				LastSwiftUpdateCheck = 1420;
				LastUpgradeCheck = 1420;
				TargetAttributes = {
					6E5583182A45847100FCDBD4 = {
						CreatedOnToolsVersion = 14.2;
					};
					6E55832D2A45847400FCDBD4 = {
						CreatedOnToolsVersion = 14.2;
						TestTargetID = 6E5583182A45847100FCDBD4;
					};
					6E5583372A45847400FCDBD4 = {
						CreatedOnToolsVersion = 14.2;
						TestTargetID = 6E5583182A45847100FCDBD4;
					};
				};
			};
			buildConfigurationList = 6E5583142A45847100FCDBD4 /* Build configuration list for PBXProject "Xplore" */;
			compatibilityVersion = "Xcode 14.0";
			developmentRegion = en;
			hasScannedForEncodings = 0;
			knownRegions = (
				en,
				Base,
			);
			mainGroup = 6E5583102A45847100FCDBD4;
			packageReferences = (
				D6B6F3062A458B24004520E2 /* XCRemoteSwiftPackageReference "firebase-ios-sdk" */,
				D6C3BE402A49B1FF0054D9A8 /* XCRemoteSwiftPackageReference "SwiftSVG" */,
			);
			productRefGroup = 6E55831A2A45847100FCDBD4 /* Products */;
			projectDirPath = "";
			projectRoot = "";
			targets = (
				6E5583182A45847100FCDBD4 /* Xplore */,
				6E55832D2A45847400FCDBD4 /* XploreTests */,
				6E5583372A45847400FCDBD4 /* XploreUITests */,
			);
		};
/* End PBXProject section */

/* Begin PBXResourcesBuildPhase section */
		6E5583172A45847100FCDBD4 /* Resources */ = {
			isa = PBXResourcesBuildPhase;
			buildActionMask = 2147483647;
			files = (
				6E6D44A32A4D70A30032D912 /* Assets.xcassets in Resources */,
				6E6D44A92A4D70A30032D912 /* Preview Assets.xcassets in Resources */,
				6E6D44A82A4D70A30032D912 /* GoogleService-Info.plist in Resources */,
			);
			runOnlyForDeploymentPostprocessing = 0;
		};
		6E55832C2A45847400FCDBD4 /* Resources */ = {
			isa = PBXResourcesBuildPhase;
			buildActionMask = 2147483647;
			files = (
			);
			runOnlyForDeploymentPostprocessing = 0;
		};
		6E5583362A45847400FCDBD4 /* Resources */ = {
			isa = PBXResourcesBuildPhase;
			buildActionMask = 2147483647;
			files = (
			);
			runOnlyForDeploymentPostprocessing = 0;
		};
/* End PBXResourcesBuildPhase section */

/* Begin PBXSourcesBuildPhase section */
		6E5583152A45847100FCDBD4 /* Sources */ = {
			isa = PBXSourcesBuildPhase;
			buildActionMask = 2147483647;
			files = (
				6E6D44A62A4D70A30032D912 /* CountryModel.swift in Sources */,
				6E6D44AC2A4D70A30032D912 /* PhotoPicker.swift in Sources */,
				6E6D44AD2A4D70A30032D912 /* PhotoSelectionView.swift in Sources */,
				6E6D44B42A4D70A30032D912 /* BottomMap.swift in Sources */,
				6E6D44AB2A4D70A30032D912 /* AvatarImageView.swift in Sources */,
				6E6D44AF2A4D70A30032D912 /* SearchDropdown.swift in Sources */,
				6E6D44B92A4D70A30032D912 /* LoginView.swift in Sources */,
				6E6D44B82A4D70A30032D912 /* CountryDetailView.swift in Sources */,
				6E6D44BC2A4D70A30032D912 /* SplashView.swift in Sources */,
				6E6D44B52A4D70A30032D912 /* TextFieldComp.swift in Sources */,
				80C37BEB2A4D9731009AAE4E /* SearchCountryModel.swift in Sources */,
				6E6D44A72A4D70A30032D912 /* PostModel.swift in Sources */,
				6E6D44A52A4D70A30032D912 /* InputModels.swift in Sources */,
				6E6D44B22A4D70A30032D912 /* MainNavigation.swift in Sources */,
				6E6D44A12A4D70A30032D912 /* DatabaseKeys.swift in Sources */,
				6E6D44AA2A4D70A30032D912 /* ImageUrlGetter.swift in Sources */,
				6E6D44B62A4D70A30032D912 /* XploreApp.swift in Sources */,
				6E6D44A22A4D70A30032D912 /* Xplore.xcdatamodeld in Sources */,
				6E6D44BD2A4D70A30032D912 /* RegisterView.swift in Sources */,
				6E6D44B32A4D70A30032D912 /* FavoritesCard.swift in Sources */,
				6E6D44B02A4D70A30032D912 /* TopMap.swift in Sources */,
				6E6D44B72A4D70A30032D912 /* FavouritesView.swift in Sources */,
				6E6D44BE2A4D70A30032D912 /* FeedView.swift in Sources */,
				6E6D44BA2A4D70A30032D912 /* AddPostView.swift in Sources */,
				6E6D44AE2A4D70A30032D912 /* SearchInput.swift in Sources */,
				6E6D44B12A4D70A30032D912 /* FeedComp.swift in Sources */,
				6E6D449F2A4D70A30032D912 /* Persistence.swift in Sources */,
				6E6D44BF2A4D70A30032D912 /* ContentView.swift in Sources */,
				6E6D44A02A4D70A30032D912 /* CountriesAPI.swift in Sources */,
				6E6D44BB2A4D70A30032D912 /* TestView.swift in Sources */,
				6E6D44A42A4D70A30032D912 /* PhotoPickermodel.swift in Sources */,
			);
			runOnlyForDeploymentPostprocessing = 0;
		};
		6E55832A2A45847400FCDBD4 /* Sources */ = {
			isa = PBXSourcesBuildPhase;
			buildActionMask = 2147483647;
			files = (
				6E5583332A45847400FCDBD4 /* XploreTests.swift in Sources */,
			);
			runOnlyForDeploymentPostprocessing = 0;
		};
		6E5583342A45847400FCDBD4 /* Sources */ = {
			isa = PBXSourcesBuildPhase;
			buildActionMask = 2147483647;
			files = (
				6E55833F2A45847400FCDBD4 /* XploreUITestsLaunchTests.swift in Sources */,
				6E55833D2A45847400FCDBD4 /* XploreUITests.swift in Sources */,
			);
			runOnlyForDeploymentPostprocessing = 0;
		};
/* End PBXSourcesBuildPhase section */

/* Begin PBXTargetDependency section */
		6E5583302A45847400FCDBD4 /* PBXTargetDependency */ = {
			isa = PBXTargetDependency;
			target = 6E5583182A45847100FCDBD4 /* Xplore */;
			targetProxy = 6E55832F2A45847400FCDBD4 /* PBXContainerItemProxy */;
		};
		6E55833A2A45847400FCDBD4 /* PBXTargetDependency */ = {
			isa = PBXTargetDependency;
			target = 6E5583182A45847100FCDBD4 /* Xplore */;
			targetProxy = 6E5583392A45847400FCDBD4 /* PBXContainerItemProxy */;
		};
/* End PBXTargetDependency section */

/* Begin XCBuildConfiguration section */
		6E5583402A45847400FCDBD4 /* Debug */ = {
			isa = XCBuildConfiguration;
			buildSettings = {
				ALWAYS_SEARCH_USER_PATHS = NO;
				CLANG_ANALYZER_NONNULL = YES;
				CLANG_ANALYZER_NUMBER_OBJECT_CONVERSION = YES_AGGRESSIVE;
				CLANG_CXX_LANGUAGE_STANDARD = "gnu++20";
				CLANG_ENABLE_MODULES = YES;
				CLANG_ENABLE_OBJC_ARC = YES;
				CLANG_ENABLE_OBJC_WEAK = YES;
				CLANG_WARN_BLOCK_CAPTURE_AUTORELEASING = YES;
				CLANG_WARN_BOOL_CONVERSION = YES;
				CLANG_WARN_COMMA = YES;
				CLANG_WARN_CONSTANT_CONVERSION = YES;
				CLANG_WARN_DEPRECATED_OBJC_IMPLEMENTATIONS = YES;
				CLANG_WARN_DIRECT_OBJC_ISA_USAGE = YES_ERROR;
				CLANG_WARN_DOCUMENTATION_COMMENTS = YES;
				CLANG_WARN_EMPTY_BODY = YES;
				CLANG_WARN_ENUM_CONVERSION = YES;
				CLANG_WARN_INFINITE_RECURSION = YES;
				CLANG_WARN_INT_CONVERSION = YES;
				CLANG_WARN_NON_LITERAL_NULL_CONVERSION = YES;
				CLANG_WARN_OBJC_IMPLICIT_RETAIN_SELF = YES;
				CLANG_WARN_OBJC_LITERAL_CONVERSION = YES;
				CLANG_WARN_OBJC_ROOT_CLASS = YES_ERROR;
				CLANG_WARN_QUOTED_INCLUDE_IN_FRAMEWORK_HEADER = YES;
				CLANG_WARN_RANGE_LOOP_ANALYSIS = YES;
				CLANG_WARN_STRICT_PROTOTYPES = YES;
				CLANG_WARN_SUSPICIOUS_MOVE = YES;
				CLANG_WARN_UNGUARDED_AVAILABILITY = YES_AGGRESSIVE;
				CLANG_WARN_UNREACHABLE_CODE = YES;
				CLANG_WARN__DUPLICATE_METHOD_MATCH = YES;
				COPY_PHASE_STRIP = NO;
				DEBUG_INFORMATION_FORMAT = dwarf;
				ENABLE_STRICT_OBJC_MSGSEND = YES;
				ENABLE_TESTABILITY = YES;
				GCC_C_LANGUAGE_STANDARD = gnu11;
				GCC_DYNAMIC_NO_PIC = NO;
				GCC_NO_COMMON_BLOCKS = YES;
				GCC_OPTIMIZATION_LEVEL = 0;
				GCC_PREPROCESSOR_DEFINITIONS = (
					"DEBUG=1",
					"$(inherited)",
				);
				GCC_WARN_64_TO_32_BIT_CONVERSION = YES;
				GCC_WARN_ABOUT_RETURN_TYPE = YES_ERROR;
				GCC_WARN_UNDECLARED_SELECTOR = YES;
				GCC_WARN_UNINITIALIZED_AUTOS = YES_AGGRESSIVE;
				GCC_WARN_UNUSED_FUNCTION = YES;
				GCC_WARN_UNUSED_VARIABLE = YES;
				IPHONEOS_DEPLOYMENT_TARGET = 16.2;
				MTL_ENABLE_DEBUG_INFO = INCLUDE_SOURCE;
				MTL_FAST_MATH = YES;
				ONLY_ACTIVE_ARCH = YES;
				SDKROOT = iphoneos;
				SWIFT_ACTIVE_COMPILATION_CONDITIONS = DEBUG;
				SWIFT_OPTIMIZATION_LEVEL = "-Onone";
			};
			name = Debug;
		};
		6E5583412A45847400FCDBD4 /* Release */ = {
			isa = XCBuildConfiguration;
			buildSettings = {
				ALWAYS_SEARCH_USER_PATHS = NO;
				CLANG_ANALYZER_NONNULL = YES;
				CLANG_ANALYZER_NUMBER_OBJECT_CONVERSION = YES_AGGRESSIVE;
				CLANG_CXX_LANGUAGE_STANDARD = "gnu++20";
				CLANG_ENABLE_MODULES = YES;
				CLANG_ENABLE_OBJC_ARC = YES;
				CLANG_ENABLE_OBJC_WEAK = YES;
				CLANG_WARN_BLOCK_CAPTURE_AUTORELEASING = YES;
				CLANG_WARN_BOOL_CONVERSION = YES;
				CLANG_WARN_COMMA = YES;
				CLANG_WARN_CONSTANT_CONVERSION = YES;
				CLANG_WARN_DEPRECATED_OBJC_IMPLEMENTATIONS = YES;
				CLANG_WARN_DIRECT_OBJC_ISA_USAGE = YES_ERROR;
				CLANG_WARN_DOCUMENTATION_COMMENTS = YES;
				CLANG_WARN_EMPTY_BODY = YES;
				CLANG_WARN_ENUM_CONVERSION = YES;
				CLANG_WARN_INFINITE_RECURSION = YES;
				CLANG_WARN_INT_CONVERSION = YES;
				CLANG_WARN_NON_LITERAL_NULL_CONVERSION = YES;
				CLANG_WARN_OBJC_IMPLICIT_RETAIN_SELF = YES;
				CLANG_WARN_OBJC_LITERAL_CONVERSION = YES;
				CLANG_WARN_OBJC_ROOT_CLASS = YES_ERROR;
				CLANG_WARN_QUOTED_INCLUDE_IN_FRAMEWORK_HEADER = YES;
				CLANG_WARN_RANGE_LOOP_ANALYSIS = YES;
				CLANG_WARN_STRICT_PROTOTYPES = YES;
				CLANG_WARN_SUSPICIOUS_MOVE = YES;
				CLANG_WARN_UNGUARDED_AVAILABILITY = YES_AGGRESSIVE;
				CLANG_WARN_UNREACHABLE_CODE = YES;
				CLANG_WARN__DUPLICATE_METHOD_MATCH = YES;
				COPY_PHASE_STRIP = NO;
				DEBUG_INFORMATION_FORMAT = "dwarf-with-dsym";
				ENABLE_NS_ASSERTIONS = NO;
				ENABLE_STRICT_OBJC_MSGSEND = YES;
				GCC_C_LANGUAGE_STANDARD = gnu11;
				GCC_NO_COMMON_BLOCKS = YES;
				GCC_WARN_64_TO_32_BIT_CONVERSION = YES;
				GCC_WARN_ABOUT_RETURN_TYPE = YES_ERROR;
				GCC_WARN_UNDECLARED_SELECTOR = YES;
				GCC_WARN_UNINITIALIZED_AUTOS = YES_AGGRESSIVE;
				GCC_WARN_UNUSED_FUNCTION = YES;
				GCC_WARN_UNUSED_VARIABLE = YES;
				IPHONEOS_DEPLOYMENT_TARGET = 16.2;
				MTL_ENABLE_DEBUG_INFO = NO;
				MTL_FAST_MATH = YES;
				SDKROOT = iphoneos;
				SWIFT_COMPILATION_MODE = wholemodule;
				SWIFT_OPTIMIZATION_LEVEL = "-O";
				VALIDATE_PRODUCT = YES;
			};
			name = Release;
		};
		6E5583432A45847400FCDBD4 /* Debug */ = {
			isa = XCBuildConfiguration;
			buildSettings = {
				ASSETCATALOG_COMPILER_APPICON_NAME = AppIcon;
				ASSETCATALOG_COMPILER_GLOBAL_ACCENT_COLOR_NAME = AccentColor;
				CODE_SIGN_STYLE = Automatic;
				CURRENT_PROJECT_VERSION = 1;
				DEVELOPMENT_ASSET_PATHS = "\"Xplore/Preview Content\"";
				DEVELOPMENT_TEAM = VARVZQCW82;
				ENABLE_PREVIEWS = YES;
				GENERATE_INFOPLIST_FILE = YES;
				INFOPLIST_KEY_UIApplicationSceneManifest_Generation = YES;
				INFOPLIST_KEY_UIApplicationSupportsIndirectInputEvents = YES;
				INFOPLIST_KEY_UILaunchScreen_Generation = YES;
				INFOPLIST_KEY_UISupportedInterfaceOrientations_iPad = "UIInterfaceOrientationPortrait UIInterfaceOrientationPortraitUpsideDown UIInterfaceOrientationLandscapeLeft UIInterfaceOrientationLandscapeRight";
				INFOPLIST_KEY_UISupportedInterfaceOrientations_iPhone = "UIInterfaceOrientationPortrait UIInterfaceOrientationLandscapeLeft UIInterfaceOrientationLandscapeRight";
				LD_RUNPATH_SEARCH_PATHS = (
					"$(inherited)",
					"@executable_path/Frameworks",
				);
				MARKETING_VERSION = 1.0;
				PRODUCT_BUNDLE_IDENTIFIER = com.leandervanaarde.Xplore;
				PRODUCT_NAME = "$(TARGET_NAME)";
				SWIFT_EMIT_LOC_STRINGS = YES;
				SWIFT_VERSION = 5.0;
				TARGETED_DEVICE_FAMILY = "1,2";
			};
			name = Debug;
		};
		6E5583442A45847400FCDBD4 /* Release */ = {
			isa = XCBuildConfiguration;
			buildSettings = {
				ASSETCATALOG_COMPILER_APPICON_NAME = AppIcon;
				ASSETCATALOG_COMPILER_GLOBAL_ACCENT_COLOR_NAME = AccentColor;
				CODE_SIGN_STYLE = Automatic;
				CURRENT_PROJECT_VERSION = 1;
				DEVELOPMENT_ASSET_PATHS = "\"Xplore/Preview Content\"";
				DEVELOPMENT_TEAM = VARVZQCW82;
				ENABLE_PREVIEWS = YES;
				GENERATE_INFOPLIST_FILE = YES;
				INFOPLIST_KEY_UIApplicationSceneManifest_Generation = YES;
				INFOPLIST_KEY_UIApplicationSupportsIndirectInputEvents = YES;
				INFOPLIST_KEY_UILaunchScreen_Generation = YES;
				INFOPLIST_KEY_UISupportedInterfaceOrientations_iPad = "UIInterfaceOrientationPortrait UIInterfaceOrientationPortraitUpsideDown UIInterfaceOrientationLandscapeLeft UIInterfaceOrientationLandscapeRight";
				INFOPLIST_KEY_UISupportedInterfaceOrientations_iPhone = "UIInterfaceOrientationPortrait UIInterfaceOrientationLandscapeLeft UIInterfaceOrientationLandscapeRight";
				LD_RUNPATH_SEARCH_PATHS = (
					"$(inherited)",
					"@executable_path/Frameworks",
				);
				MARKETING_VERSION = 1.0;
				PRODUCT_BUNDLE_IDENTIFIER = com.leandervanaarde.Xplore;
				PRODUCT_NAME = "$(TARGET_NAME)";
				SWIFT_EMIT_LOC_STRINGS = YES;
				SWIFT_VERSION = 5.0;
				TARGETED_DEVICE_FAMILY = "1,2";
			};
			name = Release;
		};
		6E5583462A45847400FCDBD4 /* Debug */ = {
			isa = XCBuildConfiguration;
			buildSettings = {
				ALWAYS_EMBED_SWIFT_STANDARD_LIBRARIES = YES;
				BUNDLE_LOADER = "$(TEST_HOST)";
				CODE_SIGN_STYLE = Automatic;
				CURRENT_PROJECT_VERSION = 1;
				DEVELOPMENT_TEAM = VARVZQCW82;
				GENERATE_INFOPLIST_FILE = YES;
				IPHONEOS_DEPLOYMENT_TARGET = 16.2;
				MARKETING_VERSION = 1.0;
				PRODUCT_BUNDLE_IDENTIFIER = com.leandervanaarde.XploreTests;
				PRODUCT_NAME = "$(TARGET_NAME)";
				SWIFT_EMIT_LOC_STRINGS = NO;
				SWIFT_VERSION = 5.0;
				TARGETED_DEVICE_FAMILY = "1,2";
				TEST_HOST = "$(BUILT_PRODUCTS_DIR)/Xplore.app/$(BUNDLE_EXECUTABLE_FOLDER_PATH)/Xplore";
			};
			name = Debug;
		};
		6E5583472A45847400FCDBD4 /* Release */ = {
			isa = XCBuildConfiguration;
			buildSettings = {
				ALWAYS_EMBED_SWIFT_STANDARD_LIBRARIES = YES;
				BUNDLE_LOADER = "$(TEST_HOST)";
				CODE_SIGN_STYLE = Automatic;
				CURRENT_PROJECT_VERSION = 1;
				DEVELOPMENT_TEAM = VARVZQCW82;
				GENERATE_INFOPLIST_FILE = YES;
				IPHONEOS_DEPLOYMENT_TARGET = 16.2;
				MARKETING_VERSION = 1.0;
				PRODUCT_BUNDLE_IDENTIFIER = com.leandervanaarde.XploreTests;
				PRODUCT_NAME = "$(TARGET_NAME)";
				SWIFT_EMIT_LOC_STRINGS = NO;
				SWIFT_VERSION = 5.0;
				TARGETED_DEVICE_FAMILY = "1,2";
				TEST_HOST = "$(BUILT_PRODUCTS_DIR)/Xplore.app/$(BUNDLE_EXECUTABLE_FOLDER_PATH)/Xplore";
			};
			name = Release;
		};
		6E5583492A45847400FCDBD4 /* Debug */ = {
			isa = XCBuildConfiguration;
			buildSettings = {
				ALWAYS_EMBED_SWIFT_STANDARD_LIBRARIES = YES;
				CODE_SIGN_STYLE = Automatic;
				CURRENT_PROJECT_VERSION = 1;
				DEVELOPMENT_TEAM = VARVZQCW82;
				GENERATE_INFOPLIST_FILE = YES;
				MARKETING_VERSION = 1.0;
				PRODUCT_BUNDLE_IDENTIFIER = com.leandervanaarde.XploreUITests;
				PRODUCT_NAME = "$(TARGET_NAME)";
				SWIFT_EMIT_LOC_STRINGS = NO;
				SWIFT_VERSION = 5.0;
				TARGETED_DEVICE_FAMILY = "1,2";
				TEST_TARGET_NAME = Xplore;
			};
			name = Debug;
		};
		6E55834A2A45847400FCDBD4 /* Release */ = {
			isa = XCBuildConfiguration;
			buildSettings = {
				ALWAYS_EMBED_SWIFT_STANDARD_LIBRARIES = YES;
				CODE_SIGN_STYLE = Automatic;
				CURRENT_PROJECT_VERSION = 1;
				DEVELOPMENT_TEAM = VARVZQCW82;
				GENERATE_INFOPLIST_FILE = YES;
				MARKETING_VERSION = 1.0;
				PRODUCT_BUNDLE_IDENTIFIER = com.leandervanaarde.XploreUITests;
				PRODUCT_NAME = "$(TARGET_NAME)";
				SWIFT_EMIT_LOC_STRINGS = NO;
				SWIFT_VERSION = 5.0;
				TARGETED_DEVICE_FAMILY = "1,2";
				TEST_TARGET_NAME = Xplore;
			};
			name = Release;
		};
/* End XCBuildConfiguration section */

/* Begin XCConfigurationList section */
		6E5583142A45847100FCDBD4 /* Build configuration list for PBXProject "Xplore" */ = {
			isa = XCConfigurationList;
			buildConfigurations = (
				6E5583402A45847400FCDBD4 /* Debug */,
				6E5583412A45847400FCDBD4 /* Release */,
			);
			defaultConfigurationIsVisible = 0;
			defaultConfigurationName = Release;
		};
		6E5583422A45847400FCDBD4 /* Build configuration list for PBXNativeTarget "Xplore" */ = {
			isa = XCConfigurationList;
			buildConfigurations = (
				6E5583432A45847400FCDBD4 /* Debug */,
				6E5583442A45847400FCDBD4 /* Release */,
			);
			defaultConfigurationIsVisible = 0;
			defaultConfigurationName = Release;
		};
		6E5583452A45847400FCDBD4 /* Build configuration list for PBXNativeTarget "XploreTests" */ = {
			isa = XCConfigurationList;
			buildConfigurations = (
				6E5583462A45847400FCDBD4 /* Debug */,
				6E5583472A45847400FCDBD4 /* Release */,
			);
			defaultConfigurationIsVisible = 0;
			defaultConfigurationName = Release;
		};
		6E5583482A45847400FCDBD4 /* Build configuration list for PBXNativeTarget "XploreUITests" */ = {
			isa = XCConfigurationList;
			buildConfigurations = (
				6E5583492A45847400FCDBD4 /* Debug */,
				6E55834A2A45847400FCDBD4 /* Release */,
			);
			defaultConfigurationIsVisible = 0;
			defaultConfigurationName = Release;
		};
/* End XCConfigurationList section */

/* Begin XCRemoteSwiftPackageReference section */
		D6B6F3062A458B24004520E2 /* XCRemoteSwiftPackageReference "firebase-ios-sdk" */ = {
			isa = XCRemoteSwiftPackageReference;
			repositoryURL = "https://github.com/firebase/firebase-ios-sdk";
			requirement = {
				kind = upToNextMajorVersion;
				minimumVersion = 9.0.0;
			};
		};
		D6C3BE402A49B1FF0054D9A8 /* XCRemoteSwiftPackageReference "SwiftSVG" */ = {
			isa = XCRemoteSwiftPackageReference;
			repositoryURL = "https://github.com/richardpiazza/SwiftSVG.git";
			requirement = {
				kind = upToNextMajorVersion;
				minimumVersion = 0.9.0;
			};
		};
/* End XCRemoteSwiftPackageReference section */

/* Begin XCSwiftPackageProductDependency section */
		D6B6F3072A458B24004520E2 /* FirebaseAuth */ = {
			isa = XCSwiftPackageProductDependency;
			package = D6B6F3062A458B24004520E2 /* XCRemoteSwiftPackageReference "firebase-ios-sdk" */;
			productName = FirebaseAuth;
		};
		D6B6F3092A458B24004520E2 /* FirebaseAuthCombine-Community */ = {
			isa = XCSwiftPackageProductDependency;
			package = D6B6F3062A458B24004520E2 /* XCRemoteSwiftPackageReference "firebase-ios-sdk" */;
			productName = "FirebaseAuthCombine-Community";
		};
		D6B6F30B2A458B24004520E2 /* FirebaseDatabase */ = {
			isa = XCSwiftPackageProductDependency;
			package = D6B6F3062A458B24004520E2 /* XCRemoteSwiftPackageReference "firebase-ios-sdk" */;
			productName = FirebaseDatabase;
		};
		D6B6F30D2A458B24004520E2 /* FirebaseDatabaseSwift */ = {
			isa = XCSwiftPackageProductDependency;
			package = D6B6F3062A458B24004520E2 /* XCRemoteSwiftPackageReference "firebase-ios-sdk" */;
			productName = FirebaseDatabaseSwift;
		};
		D6B6F30F2A458B24004520E2 /* FirebaseFirestore */ = {
			isa = XCSwiftPackageProductDependency;
			package = D6B6F3062A458B24004520E2 /* XCRemoteSwiftPackageReference "firebase-ios-sdk" */;
			productName = FirebaseFirestore;
		};
		D6B6F3112A458B24004520E2 /* FirebaseFirestoreCombine-Community */ = {
			isa = XCSwiftPackageProductDependency;
			package = D6B6F3062A458B24004520E2 /* XCRemoteSwiftPackageReference "firebase-ios-sdk" */;
			productName = "FirebaseFirestoreCombine-Community";
		};
		D6B6F3132A458B24004520E2 /* FirebaseFirestoreSwift */ = {
			isa = XCSwiftPackageProductDependency;
			package = D6B6F3062A458B24004520E2 /* XCRemoteSwiftPackageReference "firebase-ios-sdk" */;
			productName = FirebaseFirestoreSwift;
		};
		D6B6F3152A458B24004520E2 /* FirebaseStorage */ = {
			isa = XCSwiftPackageProductDependency;
			package = D6B6F3062A458B24004520E2 /* XCRemoteSwiftPackageReference "firebase-ios-sdk" */;
			productName = FirebaseStorage;
		};
		D6B6F3172A458B24004520E2 /* FirebaseStorageCombine-Community */ = {
			isa = XCSwiftPackageProductDependency;
			package = D6B6F3062A458B24004520E2 /* XCRemoteSwiftPackageReference "firebase-ios-sdk" */;
			productName = "FirebaseStorageCombine-Community";
		};
		D6C3BE412A49B2000054D9A8 /* SwiftSVG */ = {
			isa = XCSwiftPackageProductDependency;
			package = D6C3BE402A49B1FF0054D9A8 /* XCRemoteSwiftPackageReference "SwiftSVG" */;
			productName = SwiftSVG;
		};
/* End XCSwiftPackageProductDependency section */

/* Begin XCVersionGroup section */
		6E6D447A2A4D70A30032D912 /* Xplore.xcdatamodeld */ = {
			isa = XCVersionGroup;
			children = (
				6E6D447B2A4D70A30032D912 /* Xplore.xcdatamodel */,
			);
			currentVersion = 6E6D447B2A4D70A30032D912 /* Xplore.xcdatamodel */;
			path = Xplore.xcdatamodeld;
			sourceTree = "<group>";
			versionGroupType = wrapper.xcdatamodel;
		};
/* End XCVersionGroup section */
	};
	rootObject = 6E5583112A45847100FCDBD4 /* Project object */;
}
