// !$*UTF8*$!
{
	archiveVersion = 1;
	classes = {
	};
	objectVersion = 56;
	objects = {

/* Begin PBXBuildFile section */
		6E5583332A45847400FCDBD4 /* XploreTests.swift in Sources */ = {isa = PBXBuildFile; fileRef = 6E5583322A45847400FCDBD4 /* XploreTests.swift */; };
		6E55833D2A45847400FCDBD4 /* XploreUITests.swift in Sources */ = {isa = PBXBuildFile; fileRef = 6E55833C2A45847400FCDBD4 /* XploreUITests.swift */; };
		6E55833F2A45847400FCDBD4 /* XploreUITestsLaunchTests.swift in Sources */ = {isa = PBXBuildFile; fileRef = 6E55833E2A45847400FCDBD4 /* XploreUITestsLaunchTests.swift */; };
		6EF60A432A52D81D00C9BA7B /* ViewPostModel.swift in Sources */ = {isa = PBXBuildFile; fileRef = 6EF60A422A52D81D00C9BA7B /* ViewPostModel.swift */; };
		D63FCF8F2A4EC8D900D394B4 /* PostViewModel.swift in Sources */ = {isa = PBXBuildFile; fileRef = D63FCF602A4EC8D900D394B4 /* PostViewModel.swift */; };
		D63FCF902A4EC8D900D394B4 /* ImageUploadViewModel.swift in Sources */ = {isa = PBXBuildFile; fileRef = D63FCF612A4EC8D900D394B4 /* ImageUploadViewModel.swift */; };
		D63FCF912A4EC8D900D394B4 /* Persistence.swift in Sources */ = {isa = PBXBuildFile; fileRef = D63FCF622A4EC8D900D394B4 /* Persistence.swift */; };
		D63FCF922A4EC8D900D394B4 /* StorageManager.swift in Sources */ = {isa = PBXBuildFile; fileRef = D63FCF642A4EC8D900D394B4 /* StorageManager.swift */; };
		D63FCF932A4EC8D900D394B4 /* CountriesAPI.swift in Sources */ = {isa = PBXBuildFile; fileRef = D63FCF652A4EC8D900D394B4 /* CountriesAPI.swift */; };
		D63FCF942A4EC8D900D394B4 /* DatabaseKeys.swift in Sources */ = {isa = PBXBuildFile; fileRef = D63FCF662A4EC8D900D394B4 /* DatabaseKeys.swift */; };
		D63FCF952A4EC8D900D394B4 /* FirestoreManager.swift in Sources */ = {isa = PBXBuildFile; fileRef = D63FCF672A4EC8D900D394B4 /* FirestoreManager.swift */; };
		D63FCF962A4EC8D900D394B4 /* Xplore.xcdatamodeld in Sources */ = {isa = PBXBuildFile; fileRef = D63FCF682A4EC8D900D394B4 /* Xplore.xcdatamodeld */; };
		D63FCF972A4EC8D900D394B4 /* Assets.xcassets in Resources */ = {isa = PBXBuildFile; fileRef = D63FCF6A2A4EC8D900D394B4 /* Assets.xcassets */; };
		D63FCF982A4EC8D900D394B4 /* PhotoPickermodel.swift in Sources */ = {isa = PBXBuildFile; fileRef = D63FCF6C2A4EC8D900D394B4 /* PhotoPickermodel.swift */; };
		D63FCF992A4EC8D900D394B4 /* InputModels.swift in Sources */ = {isa = PBXBuildFile; fileRef = D63FCF6D2A4EC8D900D394B4 /* InputModels.swift */; };
		D63FCF9A2A4EC8D900D394B4 /* CountryModel.swift in Sources */ = {isa = PBXBuildFile; fileRef = D63FCF6E2A4EC8D900D394B4 /* CountryModel.swift */; };
		D63FCF9B2A4EC8D900D394B4 /* SearchCountryModel.swift in Sources */ = {isa = PBXBuildFile; fileRef = D63FCF6F2A4EC8D900D394B4 /* SearchCountryModel.swift */; };
		D63FCF9C2A4EC8D900D394B4 /* UserModel.swift in Sources */ = {isa = PBXBuildFile; fileRef = D63FCF702A4EC8D900D394B4 /* UserModel.swift */; };
		D63FCF9D2A4EC8D900D394B4 /* AddPost.swift in Sources */ = {isa = PBXBuildFile; fileRef = D63FCF712A4EC8D900D394B4 /* AddPost.swift */; };
		D63FCF9E2A4EC8D900D394B4 /* GoogleService-Info.plist in Resources */ = {isa = PBXBuildFile; fileRef = D63FCF722A4EC8D900D394B4 /* GoogleService-Info.plist */; };
		D63FCF9F2A4EC8D900D394B4 /* Preview Assets.xcassets in Resources */ = {isa = PBXBuildFile; fileRef = D63FCF742A4EC8D900D394B4 /* Preview Assets.xcassets */; };
		D63FCFA02A4EC8D900D394B4 /* ImageUrlGetter.swift in Sources */ = {isa = PBXBuildFile; fileRef = D63FCF772A4EC8D900D394B4 /* ImageUrlGetter.swift */; };
		D63FCFA12A4EC8D900D394B4 /* AvatarImageView.swift in Sources */ = {isa = PBXBuildFile; fileRef = D63FCF782A4EC8D900D394B4 /* AvatarImageView.swift */; };
		D63FCFA22A4EC8D900D394B4 /* PhotoPicker.swift in Sources */ = {isa = PBXBuildFile; fileRef = D63FCF792A4EC8D900D394B4 /* PhotoPicker.swift */; };
		D63FCFA32A4EC8D900D394B4 /* PhotoSelectionView.swift in Sources */ = {isa = PBXBuildFile; fileRef = D63FCF7A2A4EC8D900D394B4 /* PhotoSelectionView.swift */; };
		D63FCFA42A4EC8D900D394B4 /* SearchInput.swift in Sources */ = {isa = PBXBuildFile; fileRef = D63FCF7B2A4EC8D900D394B4 /* SearchInput.swift */; };
		D63FCFA52A4EC8D900D394B4 /* SearchDropdown.swift in Sources */ = {isa = PBXBuildFile; fileRef = D63FCF7C2A4EC8D900D394B4 /* SearchDropdown.swift */; };
		D63FCFA62A4EC8D900D394B4 /* TopMap.swift in Sources */ = {isa = PBXBuildFile; fileRef = D63FCF7D2A4EC8D900D394B4 /* TopMap.swift */; };
		D63FCFA72A4EC8D900D394B4 /* FeedComp.swift in Sources */ = {isa = PBXBuildFile; fileRef = D63FCF7E2A4EC8D900D394B4 /* FeedComp.swift */; };
		D63FCFA82A4EC8D900D394B4 /* MainNavigation.swift in Sources */ = {isa = PBXBuildFile; fileRef = D63FCF802A4EC8D900D394B4 /* MainNavigation.swift */; };
		D63FCFA92A4EC8D900D394B4 /* FavoritesCard.swift in Sources */ = {isa = PBXBuildFile; fileRef = D63FCF812A4EC8D900D394B4 /* FavoritesCard.swift */; };
		D63FCFAA2A4EC8D900D394B4 /* BottomMap.swift in Sources */ = {isa = PBXBuildFile; fileRef = D63FCF822A4EC8D900D394B4 /* BottomMap.swift */; };
		D63FCFAB2A4EC8D900D394B4 /* TextFieldComp.swift in Sources */ = {isa = PBXBuildFile; fileRef = D63FCF832A4EC8D900D394B4 /* TextFieldComp.swift */; };
		D63FCFAC2A4EC8D900D394B4 /* XploreApp.swift in Sources */ = {isa = PBXBuildFile; fileRef = D63FCF842A4EC8D900D394B4 /* XploreApp.swift */; };
		D63FCFAD2A4EC8D900D394B4 /* FavouritesView.swift in Sources */ = {isa = PBXBuildFile; fileRef = D63FCF862A4EC8D900D394B4 /* FavouritesView.swift */; };
		D63FCFAE2A4EC8D900D394B4 /* CountryDetailView.swift in Sources */ = {isa = PBXBuildFile; fileRef = D63FCF872A4EC8D900D394B4 /* CountryDetailView.swift */; };
		D63FCFAF2A4EC8D900D394B4 /* LoginView.swift in Sources */ = {isa = PBXBuildFile; fileRef = D63FCF882A4EC8D900D394B4 /* LoginView.swift */; };
		D63FCFB02A4EC8D900D394B4 /* AddPostView.swift in Sources */ = {isa = PBXBuildFile; fileRef = D63FCF892A4EC8D900D394B4 /* AddPostView.swift */; };
		D63FCFB12A4EC8D900D394B4 /* TestView.swift in Sources */ = {isa = PBXBuildFile; fileRef = D63FCF8A2A4EC8D900D394B4 /* TestView.swift */; };
		D63FCFB22A4EC8D900D394B4 /* SplashView.swift in Sources */ = {isa = PBXBuildFile; fileRef = D63FCF8B2A4EC8D900D394B4 /* SplashView.swift */; };
		D63FCFB32A4EC8D900D394B4 /* RegisterView.swift in Sources */ = {isa = PBXBuildFile; fileRef = D63FCF8C2A4EC8D900D394B4 /* RegisterView.swift */; };
		D63FCFB42A4EC8D900D394B4 /* FeedView.swift in Sources */ = {isa = PBXBuildFile; fileRef = D63FCF8D2A4EC8D900D394B4 /* FeedView.swift */; };
		D63FCFB52A4EC8D900D394B4 /* ContentView.swift in Sources */ = {isa = PBXBuildFile; fileRef = D63FCF8E2A4EC8D900D394B4 /* ContentView.swift */; };
		D63FCFB72A4EC92000D394B4 /* UserStateViewModel.swift in Sources */ = {isa = PBXBuildFile; fileRef = D63FCFB62A4EC92000D394B4 /* UserStateViewModel.swift */; };
		D6B6F3082A458B24004520E2 /* FirebaseAuth in Frameworks */ = {isa = PBXBuildFile; productRef = D6B6F3072A458B24004520E2 /* FirebaseAuth */; };
		D6B6F30A2A458B24004520E2 /* FirebaseAuthCombine-Community in Frameworks */ = {isa = PBXBuildFile; productRef = D6B6F3092A458B24004520E2 /* FirebaseAuthCombine-Community */; };
		D6B6F30C2A458B24004520E2 /* FirebaseDatabase in Frameworks */ = {isa = PBXBuildFile; productRef = D6B6F30B2A458B24004520E2 /* FirebaseDatabase */; };
		D6B6F30E2A458B24004520E2 /* FirebaseDatabaseSwift in Frameworks */ = {isa = PBXBuildFile; productRef = D6B6F30D2A458B24004520E2 /* FirebaseDatabaseSwift */; };
		D6B6F3102A458B24004520E2 /* FirebaseFirestore in Frameworks */ = {isa = PBXBuildFile; productRef = D6B6F30F2A458B24004520E2 /* FirebaseFirestore */; };
		D6B6F3122A458B24004520E2 /* FirebaseFirestoreCombine-Community in Frameworks */ = {isa = PBXBuildFile; productRef = D6B6F3112A458B24004520E2 /* FirebaseFirestoreCombine-Community */; };
		D6B6F3142A458B24004520E2 /* FirebaseFirestoreSwift in Frameworks */ = {isa = PBXBuildFile; productRef = D6B6F3132A458B24004520E2 /* FirebaseFirestoreSwift */; };
		D6B6F3162A458B24004520E2 /* FirebaseStorage in Frameworks */ = {isa = PBXBuildFile; productRef = D6B6F3152A458B24004520E2 /* FirebaseStorage */; };
		D6B6F3182A458B24004520E2 /* FirebaseStorageCombine-Community in Frameworks */ = {isa = PBXBuildFile; productRef = D6B6F3172A458B24004520E2 /* FirebaseStorageCombine-Community */; };
		D6C3BE422A49B2000054D9A8 /* SwiftSVG in Frameworks */ = {isa = PBXBuildFile; productRef = D6C3BE412A49B2000054D9A8 /* SwiftSVG */; };
/* End PBXBuildFile section */

/* Begin PBXContainerItemProxy section */
		6E55832F2A45847400FCDBD4 /* PBXContainerItemProxy */ = {
			isa = PBXContainerItemProxy;
			containerPortal = 6E5583112A45847100FCDBD4 /* Project object */;
			proxyType = 1;
			remoteGlobalIDString = 6E5583182A45847100FCDBD4;
			remoteInfo = Xplore;
		};
		6E5583392A45847400FCDBD4 /* PBXContainerItemProxy */ = {
			isa = PBXContainerItemProxy;
			containerPortal = 6E5583112A45847100FCDBD4 /* Project object */;
			proxyType = 1;
			remoteGlobalIDString = 6E5583182A45847100FCDBD4;
			remoteInfo = Xplore;
		};
/* End PBXContainerItemProxy section */

/* Begin PBXFileReference section */
		6E5583192A45847100FCDBD4 /* Xplore.app */ = {isa = PBXFileReference; explicitFileType = wrapper.application; includeInIndex = 0; path = Xplore.app; sourceTree = BUILT_PRODUCTS_DIR; };
		6E55832E2A45847400FCDBD4 /* XploreTests.xctest */ = {isa = PBXFileReference; explicitFileType = wrapper.cfbundle; includeInIndex = 0; path = XploreTests.xctest; sourceTree = BUILT_PRODUCTS_DIR; };
		6E5583322A45847400FCDBD4 /* XploreTests.swift */ = {isa = PBXFileReference; lastKnownFileType = sourcecode.swift; path = XploreTests.swift; sourceTree = "<group>"; };
		6E5583382A45847400FCDBD4 /* XploreUITests.xctest */ = {isa = PBXFileReference; explicitFileType = wrapper.cfbundle; includeInIndex = 0; path = XploreUITests.xctest; sourceTree = BUILT_PRODUCTS_DIR; };
		6E55833C2A45847400FCDBD4 /* XploreUITests.swift */ = {isa = PBXFileReference; lastKnownFileType = sourcecode.swift; path = XploreUITests.swift; sourceTree = "<group>"; };
		6E55833E2A45847400FCDBD4 /* XploreUITestsLaunchTests.swift */ = {isa = PBXFileReference; lastKnownFileType = sourcecode.swift; path = XploreUITestsLaunchTests.swift; sourceTree = "<group>"; };
		6EF60A422A52D81D00C9BA7B /* ViewPostModel.swift */ = {isa = PBXFileReference; lastKnownFileType = sourcecode.swift; path = ViewPostModel.swift; sourceTree = "<group>"; };
		D63FCF602A4EC8D900D394B4 /* PostViewModel.swift */ = {isa = PBXFileReference; fileEncoding = 4; lastKnownFileType = sourcecode.swift; path = PostViewModel.swift; sourceTree = "<group>"; };
		D63FCF612A4EC8D900D394B4 /* ImageUploadViewModel.swift */ = {isa = PBXFileReference; fileEncoding = 4; lastKnownFileType = sourcecode.swift; path = ImageUploadViewModel.swift; sourceTree = "<group>"; };
		D63FCF622A4EC8D900D394B4 /* Persistence.swift */ = {isa = PBXFileReference; fileEncoding = 4; lastKnownFileType = sourcecode.swift; path = Persistence.swift; sourceTree = "<group>"; };
		D63FCF642A4EC8D900D394B4 /* StorageManager.swift */ = {isa = PBXFileReference; fileEncoding = 4; lastKnownFileType = sourcecode.swift; path = StorageManager.swift; sourceTree = "<group>"; };
		D63FCF652A4EC8D900D394B4 /* CountriesAPI.swift */ = {isa = PBXFileReference; fileEncoding = 4; lastKnownFileType = sourcecode.swift; path = CountriesAPI.swift; sourceTree = "<group>"; };
		D63FCF662A4EC8D900D394B4 /* DatabaseKeys.swift */ = {isa = PBXFileReference; fileEncoding = 4; lastKnownFileType = sourcecode.swift; path = DatabaseKeys.swift; sourceTree = "<group>"; };
		D63FCF672A4EC8D900D394B4 /* FirestoreManager.swift */ = {isa = PBXFileReference; fileEncoding = 4; lastKnownFileType = sourcecode.swift; path = FirestoreManager.swift; sourceTree = "<group>"; };
		D63FCF692A4EC8D900D394B4 /* Xplore.xcdatamodel */ = {isa = PBXFileReference; lastKnownFileType = wrapper.xcdatamodel; path = Xplore.xcdatamodel; sourceTree = "<group>"; };
		D63FCF6A2A4EC8D900D394B4 /* Assets.xcassets */ = {isa = PBXFileReference; lastKnownFileType = folder.assetcatalog; path = Assets.xcassets; sourceTree = "<group>"; };
		D63FCF6C2A4EC8D900D394B4 /* PhotoPickermodel.swift */ = {isa = PBXFileReference; fileEncoding = 4; lastKnownFileType = sourcecode.swift; path = PhotoPickermodel.swift; sourceTree = "<group>"; };
		D63FCF6D2A4EC8D900D394B4 /* InputModels.swift */ = {isa = PBXFileReference; fileEncoding = 4; lastKnownFileType = sourcecode.swift; path = InputModels.swift; sourceTree = "<group>"; };
		D63FCF6E2A4EC8D900D394B4 /* CountryModel.swift */ = {isa = PBXFileReference; fileEncoding = 4; lastKnownFileType = sourcecode.swift; path = CountryModel.swift; sourceTree = "<group>"; };
		D63FCF6F2A4EC8D900D394B4 /* SearchCountryModel.swift */ = {isa = PBXFileReference; fileEncoding = 4; lastKnownFileType = sourcecode.swift; path = SearchCountryModel.swift; sourceTree = "<group>"; };
		D63FCF702A4EC8D900D394B4 /* UserModel.swift */ = {isa = PBXFileReference; fileEncoding = 4; lastKnownFileType = sourcecode.swift; path = UserModel.swift; sourceTree = "<group>"; };
		D63FCF712A4EC8D900D394B4 /* AddPost.swift */ = {isa = PBXFileReference; fileEncoding = 4; lastKnownFileType = sourcecode.swift; path = AddPost.swift; sourceTree = "<group>"; };
		D63FCF722A4EC8D900D394B4 /* GoogleService-Info.plist */ = {isa = PBXFileReference; fileEncoding = 4; lastKnownFileType = text.plist.xml; path = "GoogleService-Info.plist"; sourceTree = "<group>"; };
		D63FCF742A4EC8D900D394B4 /* Preview Assets.xcassets */ = {isa = PBXFileReference; lastKnownFileType = folder.assetcatalog; path = "Preview Assets.xcassets"; sourceTree = "<group>"; };
		D63FCF772A4EC8D900D394B4 /* ImageUrlGetter.swift */ = {isa = PBXFileReference; fileEncoding = 4; lastKnownFileType = sourcecode.swift; path = ImageUrlGetter.swift; sourceTree = "<group>"; };
		D63FCF782A4EC8D900D394B4 /* AvatarImageView.swift */ = {isa = PBXFileReference; fileEncoding = 4; lastKnownFileType = sourcecode.swift; path = AvatarImageView.swift; sourceTree = "<group>"; };
		D63FCF792A4EC8D900D394B4 /* PhotoPicker.swift */ = {isa = PBXFileReference; fileEncoding = 4; lastKnownFileType = sourcecode.swift; path = PhotoPicker.swift; sourceTree = "<group>"; };
		D63FCF7A2A4EC8D900D394B4 /* PhotoSelectionView.swift */ = {isa = PBXFileReference; fileEncoding = 4; lastKnownFileType = sourcecode.swift; path = PhotoSelectionView.swift; sourceTree = "<group>"; };
		D63FCF7B2A4EC8D900D394B4 /* SearchInput.swift */ = {isa = PBXFileReference; fileEncoding = 4; lastKnownFileType = sourcecode.swift; path = SearchInput.swift; sourceTree = "<group>"; };
		D63FCF7C2A4EC8D900D394B4 /* SearchDropdown.swift */ = {isa = PBXFileReference; fileEncoding = 4; lastKnownFileType = sourcecode.swift; path = SearchDropdown.swift; sourceTree = "<group>"; };
		D63FCF7D2A4EC8D900D394B4 /* TopMap.swift */ = {isa = PBXFileReference; fileEncoding = 4; lastKnownFileType = sourcecode.swift; path = TopMap.swift; sourceTree = "<group>"; };
		D63FCF7E2A4EC8D900D394B4 /* FeedComp.swift */ = {isa = PBXFileReference; fileEncoding = 4; lastKnownFileType = sourcecode.swift; path = FeedComp.swift; sourceTree = "<group>"; };
		D63FCF802A4EC8D900D394B4 /* MainNavigation.swift */ = {isa = PBXFileReference; fileEncoding = 4; lastKnownFileType = sourcecode.swift; path = MainNavigation.swift; sourceTree = "<group>"; };
		D63FCF812A4EC8D900D394B4 /* FavoritesCard.swift */ = {isa = PBXFileReference; fileEncoding = 4; lastKnownFileType = sourcecode.swift; path = FavoritesCard.swift; sourceTree = "<group>"; };
		D63FCF822A4EC8D900D394B4 /* BottomMap.swift */ = {isa = PBXFileReference; fileEncoding = 4; lastKnownFileType = sourcecode.swift; path = BottomMap.swift; sourceTree = "<group>"; };
		D63FCF832A4EC8D900D394B4 /* TextFieldComp.swift */ = {isa = PBXFileReference; fileEncoding = 4; lastKnownFileType = sourcecode.swift; path = TextFieldComp.swift; sourceTree = "<group>"; };
		D63FCF842A4EC8D900D394B4 /* XploreApp.swift */ = {isa = PBXFileReference; fileEncoding = 4; lastKnownFileType = sourcecode.swift; path = XploreApp.swift; sourceTree = "<group>"; };
		D63FCF862A4EC8D900D394B4 /* FavouritesView.swift */ = {isa = PBXFileReference; fileEncoding = 4; lastKnownFileType = sourcecode.swift; path = FavouritesView.swift; sourceTree = "<group>"; };
		D63FCF872A4EC8D900D394B4 /* CountryDetailView.swift */ = {isa = PBXFileReference; fileEncoding = 4; lastKnownFileType = sourcecode.swift; path = CountryDetailView.swift; sourceTree = "<group>"; };
		D63FCF882A4EC8D900D394B4 /* LoginView.swift */ = {isa = PBXFileReference; fileEncoding = 4; lastKnownFileType = sourcecode.swift; path = LoginView.swift; sourceTree = "<group>"; };
		D63FCF892A4EC8D900D394B4 /* AddPostView.swift */ = {isa = PBXFileReference; fileEncoding = 4; lastKnownFileType = sourcecode.swift; path = AddPostView.swift; sourceTree = "<group>"; };
		D63FCF8A2A4EC8D900D394B4 /* TestView.swift */ = {isa = PBXFileReference; fileEncoding = 4; lastKnownFileType = sourcecode.swift; path = TestView.swift; sourceTree = "<group>"; };
		D63FCF8B2A4EC8D900D394B4 /* SplashView.swift */ = {isa = PBXFileReference; fileEncoding = 4; lastKnownFileType = sourcecode.swift; path = SplashView.swift; sourceTree = "<group>"; };
		D63FCF8C2A4EC8D900D394B4 /* RegisterView.swift */ = {isa = PBXFileReference; fileEncoding = 4; lastKnownFileType = sourcecode.swift; path = RegisterView.swift; sourceTree = "<group>"; };
		D63FCF8D2A4EC8D900D394B4 /* FeedView.swift */ = {isa = PBXFileReference; fileEncoding = 4; lastKnownFileType = sourcecode.swift; path = FeedView.swift; sourceTree = "<group>"; };
		D63FCF8E2A4EC8D900D394B4 /* ContentView.swift */ = {isa = PBXFileReference; fileEncoding = 4; lastKnownFileType = sourcecode.swift; path = ContentView.swift; sourceTree = "<group>"; };
		D63FCFB62A4EC92000D394B4 /* UserStateViewModel.swift */ = {isa = PBXFileReference; lastKnownFileType = sourcecode.swift; path = UserStateViewModel.swift; sourceTree = "<group>"; };
/* End PBXFileReference section */

/* Begin PBXFrameworksBuildPhase section */
		6E5583162A45847100FCDBD4 /* Frameworks */ = {
			isa = PBXFrameworksBuildPhase;
			buildActionMask = 2147483647;
			files = (
				D6B6F30E2A458B24004520E2 /* FirebaseDatabaseSwift in Frameworks */,
				D6B6F30C2A458B24004520E2 /* FirebaseDatabase in Frameworks */,
				D6B6F3082A458B24004520E2 /* FirebaseAuth in Frameworks */,
				D6B6F3142A458B24004520E2 /* FirebaseFirestoreSwift in Frameworks */,
				D6B6F3122A458B24004520E2 /* FirebaseFirestoreCombine-Community in Frameworks */,
				D6C3BE422A49B2000054D9A8 /* SwiftSVG in Frameworks */,
				D6B6F3162A458B24004520E2 /* FirebaseStorage in Frameworks */,
				D6B6F3102A458B24004520E2 /* FirebaseFirestore in Frameworks */,
				D6B6F3182A458B24004520E2 /* FirebaseStorageCombine-Community in Frameworks */,
				D6B6F30A2A458B24004520E2 /* FirebaseAuthCombine-Community in Frameworks */,
			);
			runOnlyForDeploymentPostprocessing = 0;
		};
		6E55832B2A45847400FCDBD4 /* Frameworks */ = {
			isa = PBXFrameworksBuildPhase;
			buildActionMask = 2147483647;
			files = (
			);
			runOnlyForDeploymentPostprocessing = 0;
		};
		6E5583352A45847400FCDBD4 /* Frameworks */ = {
			isa = PBXFrameworksBuildPhase;
			buildActionMask = 2147483647;
			files = (
			);
			runOnlyForDeploymentPostprocessing = 0;
		};
/* End PBXFrameworksBuildPhase section */

/* Begin PBXGroup section */
		6E5583102A45847100FCDBD4 = {
			isa = PBXGroup;
			children = (
				D63FCF5E2A4EC8D900D394B4 /* Xplore */,
				6E5583312A45847400FCDBD4 /* XploreTests */,
				6E55833B2A45847400FCDBD4 /* XploreUITests */,
				6E55831A2A45847100FCDBD4 /* Products */,
			);
			sourceTree = "<group>";
		};
		6E55831A2A45847100FCDBD4 /* Products */ = {
			isa = PBXGroup;
			children = (
				6E5583192A45847100FCDBD4 /* Xplore.app */,
				6E55832E2A45847400FCDBD4 /* XploreTests.xctest */,
				6E5583382A45847400FCDBD4 /* XploreUITests.xctest */,
			);
			name = Products;
			sourceTree = "<group>";
		};
		6E5583312A45847400FCDBD4 /* XploreTests */ = {
			isa = PBXGroup;
			children = (
				6E5583322A45847400FCDBD4 /* XploreTests.swift */,
			);
			path = XploreTests;
			sourceTree = "<group>";
		};
		6E55833B2A45847400FCDBD4 /* XploreUITests */ = {
			isa = PBXGroup;
			children = (
				6E55833C2A45847400FCDBD4 /* XploreUITests.swift */,
				6E55833E2A45847400FCDBD4 /* XploreUITestsLaunchTests.swift */,
			);
			path = XploreUITests;
			sourceTree = "<group>";
		};
		D63FCF5E2A4EC8D900D394B4 /* Xplore */ = {
			isa = PBXGroup;
			children = (
				D63FCF5F2A4EC8D900D394B4 /* ViewModels */,
				D63FCF622A4EC8D900D394B4 /* Persistence.swift */,
				D63FCF632A4EC8D900D394B4 /* Networking */,
				D63FCF682A4EC8D900D394B4 /* Xplore.xcdatamodeld */,
				D63FCF6A2A4EC8D900D394B4 /* Assets.xcassets */,
				D63FCF6B2A4EC8D900D394B4 /* Models */,
				D63FCF722A4EC8D900D394B4 /* GoogleService-Info.plist */,
				D63FCF732A4EC8D900D394B4 /* Preview Content */,
				D63FCF752A4EC8D900D394B4 /* Components */,
				D63FCF842A4EC8D900D394B4 /* XploreApp.swift */,
				D63FCF852A4EC8D900D394B4 /* Views */,
			);
			path = Xplore;
			sourceTree = "<group>";
		};
		D63FCF5F2A4EC8D900D394B4 /* ViewModels */ = {
			isa = PBXGroup;
			children = (
				D63FCF602A4EC8D900D394B4 /* PostViewModel.swift */,
				D63FCF612A4EC8D900D394B4 /* ImageUploadViewModel.swift */,
				D63FCFB62A4EC92000D394B4 /* UserStateViewModel.swift */,
			);
			path = ViewModels;
			sourceTree = "<group>";
		};
		D63FCF632A4EC8D900D394B4 /* Networking */ = {
			isa = PBXGroup;
			children = (
				D63FCF642A4EC8D900D394B4 /* StorageManager.swift */,
				D63FCF652A4EC8D900D394B4 /* CountriesAPI.swift */,
				D63FCF662A4EC8D900D394B4 /* DatabaseKeys.swift */,
				D63FCF672A4EC8D900D394B4 /* FirestoreManager.swift */,
			);
			path = Networking;
			sourceTree = "<group>";
		};
		D63FCF6B2A4EC8D900D394B4 /* Models */ = {
			isa = PBXGroup;
			children = (
				D63FCF6C2A4EC8D900D394B4 /* PhotoPickermodel.swift */,
				D63FCF6D2A4EC8D900D394B4 /* InputModels.swift */,
				D63FCF6E2A4EC8D900D394B4 /* CountryModel.swift */,
				D63FCF6F2A4EC8D900D394B4 /* SearchCountryModel.swift */,
				D63FCF702A4EC8D900D394B4 /* UserModel.swift */,
				D63FCF712A4EC8D900D394B4 /* AddPost.swift */,
				6EF60A422A52D81D00C9BA7B /* ViewPostModel.swift */,
			);
			path = Models;
			sourceTree = "<group>";
		};
		D63FCF732A4EC8D900D394B4 /* Preview Content */ = {
			isa = PBXGroup;
			children = (
				D63FCF742A4EC8D900D394B4 /* Preview Assets.xcassets */,
			);
			path = "Preview Content";
			sourceTree = "<group>";
		};
		D63FCF752A4EC8D900D394B4 /* Components */ = {
			isa = PBXGroup;
			children = (
				D63FCF762A4EC8D900D394B4 /* PhotoPicker */,
				D63FCF7B2A4EC8D900D394B4 /* SearchInput.swift */,
				D63FCF7C2A4EC8D900D394B4 /* SearchDropdown.swift */,
				D63FCF7D2A4EC8D900D394B4 /* TopMap.swift */,
				D63FCF7E2A4EC8D900D394B4 /* FeedComp.swift */,
				D63FCF7F2A4EC8D900D394B4 /* Navigation */,
				D63FCF812A4EC8D900D394B4 /* FavoritesCard.swift */,
				D63FCF822A4EC8D900D394B4 /* BottomMap.swift */,
				D63FCF832A4EC8D900D394B4 /* TextFieldComp.swift */,
			);
			path = Components;
			sourceTree = "<group>";
		};
		D63FCF762A4EC8D900D394B4 /* PhotoPicker */ = {
			isa = PBXGroup;
			children = (
				D63FCF772A4EC8D900D394B4 /* ImageUrlGetter.swift */,
				D63FCF782A4EC8D900D394B4 /* AvatarImageView.swift */,
				D63FCF792A4EC8D900D394B4 /* PhotoPicker.swift */,
				D63FCF7A2A4EC8D900D394B4 /* PhotoSelectionView.swift */,
			);
			path = PhotoPicker;
			sourceTree = "<group>";
		};
		D63FCF7F2A4EC8D900D394B4 /* Navigation */ = {
			isa = PBXGroup;
			children = (
				D63FCF802A4EC8D900D394B4 /* MainNavigation.swift */,
			);
			path = Navigation;
			sourceTree = "<group>";
		};
		D63FCF852A4EC8D900D394B4 /* Views */ = {
			isa = PBXGroup;
			children = (
				D63FCF862A4EC8D900D394B4 /* FavouritesView.swift */,
				D63FCF872A4EC8D900D394B4 /* CountryDetailView.swift */,
				D63FCF882A4EC8D900D394B4 /* LoginView.swift */,
				D63FCF892A4EC8D900D394B4 /* AddPostView.swift */,
				D63FCF8A2A4EC8D900D394B4 /* TestView.swift */,
				D63FCF8B2A4EC8D900D394B4 /* SplashView.swift */,
				D63FCF8C2A4EC8D900D394B4 /* RegisterView.swift */,
				D63FCF8D2A4EC8D900D394B4 /* FeedView.swift */,
				D63FCF8E2A4EC8D900D394B4 /* ContentView.swift */,
			);
			path = Views;
			sourceTree = "<group>";
		};
/* End PBXGroup section */

/* Begin PBXNativeTarget section */
		6E5583182A45847100FCDBD4 /* Xplore */ = {
			isa = PBXNativeTarget;
			buildConfigurationList = 6E5583422A45847400FCDBD4 /* Build configuration list for PBXNativeTarget "Xplore" */;
			buildPhases = (
				6E5583152A45847100FCDBD4 /* Sources */,
				6E5583162A45847100FCDBD4 /* Frameworks */,
				6E5583172A45847100FCDBD4 /* Resources */,
			);
			buildRules = (
			);
			dependencies = (
			);
			name = Xplore;
			packageProductDependencies = (
				D6B6F3072A458B24004520E2 /* FirebaseAuth */,
				D6B6F3092A458B24004520E2 /* FirebaseAuthCombine-Community */,
				D6B6F30B2A458B24004520E2 /* FirebaseDatabase */,
				D6B6F30D2A458B24004520E2 /* FirebaseDatabaseSwift */,
				D6B6F30F2A458B24004520E2 /* FirebaseFirestore */,
				D6B6F3112A458B24004520E2 /* FirebaseFirestoreCombine-Community */,
				D6B6F3132A458B24004520E2 /* FirebaseFirestoreSwift */,
				D6B6F3152A458B24004520E2 /* FirebaseStorage */,
				D6B6F3172A458B24004520E2 /* FirebaseStorageCombine-Community */,
				D6C3BE412A49B2000054D9A8 /* SwiftSVG */,
			);
			productName = Xplore;
			productReference = 6E5583192A45847100FCDBD4 /* Xplore.app */;
			productType = "com.apple.product-type.application";
		};
		6E55832D2A45847400FCDBD4 /* XploreTests */ = {
			isa = PBXNativeTarget;
			buildConfigurationList = 6E5583452A45847400FCDBD4 /* Build configuration list for PBXNativeTarget "XploreTests" */;
			buildPhases = (
				6E55832A2A45847400FCDBD4 /* Sources */,
				6E55832B2A45847400FCDBD4 /* Frameworks */,
				6E55832C2A45847400FCDBD4 /* Resources */,
			);
			buildRules = (
			);
			dependencies = (
				6E5583302A45847400FCDBD4 /* PBXTargetDependency */,
			);
			name = XploreTests;
			productName = XploreTests;
			productReference = 6E55832E2A45847400FCDBD4 /* XploreTests.xctest */;
			productType = "com.apple.product-type.bundle.unit-test";
		};
		6E5583372A45847400FCDBD4 /* XploreUITests */ = {
			isa = PBXNativeTarget;
			buildConfigurationList = 6E5583482A45847400FCDBD4 /* Build configuration list for PBXNativeTarget "XploreUITests" */;
			buildPhases = (
				6E5583342A45847400FCDBD4 /* Sources */,
				6E5583352A45847400FCDBD4 /* Frameworks */,
				6E5583362A45847400FCDBD4 /* Resources */,
			);
			buildRules = (
			);
			dependencies = (
				6E55833A2A45847400FCDBD4 /* PBXTargetDependency */,
			);
			name = XploreUITests;
			productName = XploreUITests;
			productReference = 6E5583382A45847400FCDBD4 /* XploreUITests.xctest */;
			productType = "com.apple.product-type.bundle.ui-testing";
		};
/* End PBXNativeTarget section */

/* Begin PBXProject section */
		6E5583112A45847100FCDBD4 /* Project object */ = {
			isa = PBXProject;
			attributes = {
				BuildIndependentTargetsInParallel = 1;
				LastSwiftUpdateCheck = 1420;
				LastUpgradeCheck = 1420;
				TargetAttributes = {
					6E5583182A45847100FCDBD4 = {
						CreatedOnToolsVersion = 14.2;
					};
					6E55832D2A45847400FCDBD4 = {
						CreatedOnToolsVersion = 14.2;
						TestTargetID = 6E5583182A45847100FCDBD4;
					};
					6E5583372A45847400FCDBD4 = {
						CreatedOnToolsVersion = 14.2;
						TestTargetID = 6E5583182A45847100FCDBD4;
					};
				};
			};
			buildConfigurationList = 6E5583142A45847100FCDBD4 /* Build configuration list for PBXProject "Xplore" */;
			compatibilityVersion = "Xcode 14.0";
			developmentRegion = en;
			hasScannedForEncodings = 0;
			knownRegions = (
				en,
				Base,
			);
			mainGroup = 6E5583102A45847100FCDBD4;
			packageReferences = (
				D6B6F3062A458B24004520E2 /* XCRemoteSwiftPackageReference "firebase-ios-sdk" */,
				D6C3BE402A49B1FF0054D9A8 /* XCRemoteSwiftPackageReference "SwiftSVG" */,
			);
			productRefGroup = 6E55831A2A45847100FCDBD4 /* Products */;
			projectDirPath = "";
			projectRoot = "";
			targets = (
				6E5583182A45847100FCDBD4 /* Xplore */,
				6E55832D2A45847400FCDBD4 /* XploreTests */,
				6E5583372A45847400FCDBD4 /* XploreUITests */,
			);
		};
/* End PBXProject section */

/* Begin PBXResourcesBuildPhase section */
		6E5583172A45847100FCDBD4 /* Resources */ = {
			isa = PBXResourcesBuildPhase;
			buildActionMask = 2147483647;
			files = (
				D63FCF972A4EC8D900D394B4 /* Assets.xcassets in Resources */,
				D63FCF9F2A4EC8D900D394B4 /* Preview Assets.xcassets in Resources */,
				D63FCF9E2A4EC8D900D394B4 /* GoogleService-Info.plist in Resources */,
			);
			runOnlyForDeploymentPostprocessing = 0;
		};
		6E55832C2A45847400FCDBD4 /* Resources */ = {
			isa = PBXResourcesBuildPhase;
			buildActionMask = 2147483647;
			files = (
			);
			runOnlyForDeploymentPostprocessing = 0;
		};
		6E5583362A45847400FCDBD4 /* Resources */ = {
			isa = PBXResourcesBuildPhase;
			buildActionMask = 2147483647;
			files = (
			);
			runOnlyForDeploymentPostprocessing = 0;
		};
/* End PBXResourcesBuildPhase section */

/* Begin PBXSourcesBuildPhase section */
		6E5583152A45847100FCDBD4 /* Sources */ = {
			isa = PBXSourcesBuildPhase;
			buildActionMask = 2147483647;
			files = (
				D63FCFB42A4EC8D900D394B4 /* FeedView.swift in Sources */,
				D63FCF942A4EC8D900D394B4 /* DatabaseKeys.swift in Sources */,
				D63FCF952A4EC8D900D394B4 /* FirestoreManager.swift in Sources */,
				D63FCF9B2A4EC8D900D394B4 /* SearchCountryModel.swift in Sources */,
				D63FCF9A2A4EC8D900D394B4 /* CountryModel.swift in Sources */,
				D63FCFB12A4EC8D900D394B4 /* TestView.swift in Sources */,
				D63FCF992A4EC8D900D394B4 /* InputModels.swift in Sources */,
				D63FCF9D2A4EC8D900D394B4 /* AddPost.swift in Sources */,
				D63FCFAC2A4EC8D900D394B4 /* XploreApp.swift in Sources */,
				D63FCF9C2A4EC8D900D394B4 /* UserModel.swift in Sources */,
				6EF60A432A52D81D00C9BA7B /* ViewPostModel.swift in Sources */,
				D63FCFA02A4EC8D900D394B4 /* ImageUrlGetter.swift in Sources */,
				D63FCFA32A4EC8D900D394B4 /* PhotoSelectionView.swift in Sources */,
				D63FCFB72A4EC92000D394B4 /* UserStateViewModel.swift in Sources */,
				D63FCF932A4EC8D900D394B4 /* CountriesAPI.swift in Sources */,
				D63FCF912A4EC8D900D394B4 /* Persistence.swift in Sources */,
				D63FCFB52A4EC8D900D394B4 /* ContentView.swift in Sources */,
				D63FCFAE2A4EC8D900D394B4 /* CountryDetailView.swift in Sources */,
				D63FCFAA2A4EC8D900D394B4 /* BottomMap.swift in Sources */,
				D63FCFAB2A4EC8D900D394B4 /* TextFieldComp.swift in Sources */,
				D63FCFA92A4EC8D900D394B4 /* FavoritesCard.swift in Sources */,
				D63FCF8F2A4EC8D900D394B4 /* PostViewModel.swift in Sources */,
				D63FCF962A4EC8D900D394B4 /* Xplore.xcdatamodeld in Sources */,
				D63FCFAF2A4EC8D900D394B4 /* LoginView.swift in Sources */,
				D63FCFA22A4EC8D900D394B4 /* PhotoPicker.swift in Sources */,
				D63FCF902A4EC8D900D394B4 /* ImageUploadViewModel.swift in Sources */,
				D63FCFA12A4EC8D900D394B4 /* AvatarImageView.swift in Sources */,
				D63FCFB22A4EC8D900D394B4 /* SplashView.swift in Sources */,
				D63FCFA42A4EC8D900D394B4 /* SearchInput.swift in Sources */,
				D63FCFB32A4EC8D900D394B4 /* RegisterView.swift in Sources */,
				D63FCF922A4EC8D900D394B4 /* StorageManager.swift in Sources */,
				D63FCFA72A4EC8D900D394B4 /* FeedComp.swift in Sources */,
				D63FCFA82A4EC8D900D394B4 /* MainNavigation.swift in Sources */,
				D63FCFB02A4EC8D900D394B4 /* AddPostView.swift in Sources */,
				D63FCFA52A4EC8D900D394B4 /* SearchDropdown.swift in Sources */,
				D63FCFA62A4EC8D900D394B4 /* TopMap.swift in Sources */,
				D63FCFAD2A4EC8D900D394B4 /* FavouritesView.swift in Sources */,
				D63FCF982A4EC8D900D394B4 /* PhotoPickermodel.swift in Sources */,
			);
			runOnlyForDeploymentPostprocessing = 0;
		};
		6E55832A2A45847400FCDBD4 /* Sources */ = {
			isa = PBXSourcesBuildPhase;
			buildActionMask = 2147483647;
			files = (
				6E5583332A45847400FCDBD4 /* XploreTests.swift in Sources */,
			);
			runOnlyForDeploymentPostprocessing = 0;
		};
		6E5583342A45847400FCDBD4 /* Sources */ = {
			isa = PBXSourcesBuildPhase;
			buildActionMask = 2147483647;
			files = (
				6E55833F2A45847400FCDBD4 /* XploreUITestsLaunchTests.swift in Sources */,
				6E55833D2A45847400FCDBD4 /* XploreUITests.swift in Sources */,
			);
			runOnlyForDeploymentPostprocessing = 0;
		};
/* End PBXSourcesBuildPhase section */

/* Begin PBXTargetDependency section */
		6E5583302A45847400FCDBD4 /* PBXTargetDependency */ = {
			isa = PBXTargetDependency;
			target = 6E5583182A45847100FCDBD4 /* Xplore */;
			targetProxy = 6E55832F2A45847400FCDBD4 /* PBXContainerItemProxy */;
		};
		6E55833A2A45847400FCDBD4 /* PBXTargetDependency */ = {
			isa = PBXTargetDependency;
			target = 6E5583182A45847100FCDBD4 /* Xplore */;
			targetProxy = 6E5583392A45847400FCDBD4 /* PBXContainerItemProxy */;
		};
/* End PBXTargetDependency section */

/* Begin XCBuildConfiguration section */
		6E5583402A45847400FCDBD4 /* Debug */ = {
			isa = XCBuildConfiguration;
			buildSettings = {
				ALWAYS_SEARCH_USER_PATHS = NO;
				CLANG_ANALYZER_NONNULL = YES;
				CLANG_ANALYZER_NUMBER_OBJECT_CONVERSION = YES_AGGRESSIVE;
				CLANG_CXX_LANGUAGE_STANDARD = "gnu++20";
				CLANG_ENABLE_MODULES = YES;
				CLANG_ENABLE_OBJC_ARC = YES;
				CLANG_ENABLE_OBJC_WEAK = YES;
				CLANG_WARN_BLOCK_CAPTURE_AUTORELEASING = YES;
				CLANG_WARN_BOOL_CONVERSION = YES;
				CLANG_WARN_COMMA = YES;
				CLANG_WARN_CONSTANT_CONVERSION = YES;
				CLANG_WARN_DEPRECATED_OBJC_IMPLEMENTATIONS = YES;
				CLANG_WARN_DIRECT_OBJC_ISA_USAGE = YES_ERROR;
				CLANG_WARN_DOCUMENTATION_COMMENTS = YES;
				CLANG_WARN_EMPTY_BODY = YES;
				CLANG_WARN_ENUM_CONVERSION = YES;
				CLANG_WARN_INFINITE_RECURSION = YES;
				CLANG_WARN_INT_CONVERSION = YES;
				CLANG_WARN_NON_LITERAL_NULL_CONVERSION = YES;
				CLANG_WARN_OBJC_IMPLICIT_RETAIN_SELF = YES;
				CLANG_WARN_OBJC_LITERAL_CONVERSION = YES;
				CLANG_WARN_OBJC_ROOT_CLASS = YES_ERROR;
				CLANG_WARN_QUOTED_INCLUDE_IN_FRAMEWORK_HEADER = YES;
				CLANG_WARN_RANGE_LOOP_ANALYSIS = YES;
				CLANG_WARN_STRICT_PROTOTYPES = YES;
				CLANG_WARN_SUSPICIOUS_MOVE = YES;
				CLANG_WARN_UNGUARDED_AVAILABILITY = YES_AGGRESSIVE;
				CLANG_WARN_UNREACHABLE_CODE = YES;
				CLANG_WARN__DUPLICATE_METHOD_MATCH = YES;
				COPY_PHASE_STRIP = NO;
				DEBUG_INFORMATION_FORMAT = dwarf;
				ENABLE_STRICT_OBJC_MSGSEND = YES;
				ENABLE_TESTABILITY = YES;
				GCC_C_LANGUAGE_STANDARD = gnu11;
				GCC_DYNAMIC_NO_PIC = NO;
				GCC_NO_COMMON_BLOCKS = YES;
				GCC_OPTIMIZATION_LEVEL = 0;
				GCC_PREPROCESSOR_DEFINITIONS = (
					"DEBUG=1",
					"$(inherited)",
				);
				GCC_WARN_64_TO_32_BIT_CONVERSION = YES;
				GCC_WARN_ABOUT_RETURN_TYPE = YES_ERROR;
				GCC_WARN_UNDECLARED_SELECTOR = YES;
				GCC_WARN_UNINITIALIZED_AUTOS = YES_AGGRESSIVE;
				GCC_WARN_UNUSED_FUNCTION = YES;
				GCC_WARN_UNUSED_VARIABLE = YES;
				IPHONEOS_DEPLOYMENT_TARGET = 16.2;
				MTL_ENABLE_DEBUG_INFO = INCLUDE_SOURCE;
				MTL_FAST_MATH = YES;
				ONLY_ACTIVE_ARCH = YES;
				SDKROOT = iphoneos;
				SWIFT_ACTIVE_COMPILATION_CONDITIONS = DEBUG;
				SWIFT_OPTIMIZATION_LEVEL = "-Onone";
			};
			name = Debug;
		};
		6E5583412A45847400FCDBD4 /* Release */ = {
			isa = XCBuildConfiguration;
			buildSettings = {
				ALWAYS_SEARCH_USER_PATHS = NO;
				CLANG_ANALYZER_NONNULL = YES;
				CLANG_ANALYZER_NUMBER_OBJECT_CONVERSION = YES_AGGRESSIVE;
				CLANG_CXX_LANGUAGE_STANDARD = "gnu++20";
				CLANG_ENABLE_MODULES = YES;
				CLANG_ENABLE_OBJC_ARC = YES;
				CLANG_ENABLE_OBJC_WEAK = YES;
				CLANG_WARN_BLOCK_CAPTURE_AUTORELEASING = YES;
				CLANG_WARN_BOOL_CONVERSION = YES;
				CLANG_WARN_COMMA = YES;
				CLANG_WARN_CONSTANT_CONVERSION = YES;
				CLANG_WARN_DEPRECATED_OBJC_IMPLEMENTATIONS = YES;
				CLANG_WARN_DIRECT_OBJC_ISA_USAGE = YES_ERROR;
				CLANG_WARN_DOCUMENTATION_COMMENTS = YES;
				CLANG_WARN_EMPTY_BODY = YES;
				CLANG_WARN_ENUM_CONVERSION = YES;
				CLANG_WARN_INFINITE_RECURSION = YES;
				CLANG_WARN_INT_CONVERSION = YES;
				CLANG_WARN_NON_LITERAL_NULL_CONVERSION = YES;
				CLANG_WARN_OBJC_IMPLICIT_RETAIN_SELF = YES;
				CLANG_WARN_OBJC_LITERAL_CONVERSION = YES;
				CLANG_WARN_OBJC_ROOT_CLASS = YES_ERROR;
				CLANG_WARN_QUOTED_INCLUDE_IN_FRAMEWORK_HEADER = YES;
				CLANG_WARN_RANGE_LOOP_ANALYSIS = YES;
				CLANG_WARN_STRICT_PROTOTYPES = YES;
				CLANG_WARN_SUSPICIOUS_MOVE = YES;
				CLANG_WARN_UNGUARDED_AVAILABILITY = YES_AGGRESSIVE;
				CLANG_WARN_UNREACHABLE_CODE = YES;
				CLANG_WARN__DUPLICATE_METHOD_MATCH = YES;
				COPY_PHASE_STRIP = NO;
				DEBUG_INFORMATION_FORMAT = "dwarf-with-dsym";
				ENABLE_NS_ASSERTIONS = NO;
				ENABLE_STRICT_OBJC_MSGSEND = YES;
				GCC_C_LANGUAGE_STANDARD = gnu11;
				GCC_NO_COMMON_BLOCKS = YES;
				GCC_WARN_64_TO_32_BIT_CONVERSION = YES;
				GCC_WARN_ABOUT_RETURN_TYPE = YES_ERROR;
				GCC_WARN_UNDECLARED_SELECTOR = YES;
				GCC_WARN_UNINITIALIZED_AUTOS = YES_AGGRESSIVE;
				GCC_WARN_UNUSED_FUNCTION = YES;
				GCC_WARN_UNUSED_VARIABLE = YES;
				IPHONEOS_DEPLOYMENT_TARGET = 16.2;
				MTL_ENABLE_DEBUG_INFO = NO;
				MTL_FAST_MATH = YES;
				SDKROOT = iphoneos;
				SWIFT_COMPILATION_MODE = wholemodule;
				SWIFT_OPTIMIZATION_LEVEL = "-O";
				VALIDATE_PRODUCT = YES;
			};
			name = Release;
		};
		6E5583432A45847400FCDBD4 /* Debug */ = {
			isa = XCBuildConfiguration;
			buildSettings = {
				ASSETCATALOG_COMPILER_APPICON_NAME = AppIcon;
				ASSETCATALOG_COMPILER_GLOBAL_ACCENT_COLOR_NAME = AccentColor;
				CODE_SIGN_STYLE = Automatic;
				CURRENT_PROJECT_VERSION = 1;
				DEVELOPMENT_ASSET_PATHS = "\"Xplore/Preview Content\"";
				DEVELOPMENT_TEAM = VARVZQCW82;
				ENABLE_PREVIEWS = YES;
				GENERATE_INFOPLIST_FILE = YES;
				INFOPLIST_KEY_UIApplicationSceneManifest_Generation = YES;
				INFOPLIST_KEY_UIApplicationSupportsIndirectInputEvents = YES;
				INFOPLIST_KEY_UILaunchScreen_Generation = YES;
				INFOPLIST_KEY_UISupportedInterfaceOrientations_iPad = "UIInterfaceOrientationPortrait UIInterfaceOrientationPortraitUpsideDown UIInterfaceOrientationLandscapeLeft UIInterfaceOrientationLandscapeRight";
				INFOPLIST_KEY_UISupportedInterfaceOrientations_iPhone = "UIInterfaceOrientationPortrait UIInterfaceOrientationLandscapeLeft UIInterfaceOrientationLandscapeRight";
				LD_RUNPATH_SEARCH_PATHS = (
					"$(inherited)",
					"@executable_path/Frameworks",
				);
				MARKETING_VERSION = 1.0;
				PRODUCT_BUNDLE_IDENTIFIER = com.leandervanaarde.Xplore;
				PRODUCT_NAME = "$(TARGET_NAME)";
				SWIFT_EMIT_LOC_STRINGS = YES;
				SWIFT_VERSION = 5.0;
				TARGETED_DEVICE_FAMILY = "1,2";
			};
			name = Debug;
		};
		6E5583442A45847400FCDBD4 /* Release */ = {
			isa = XCBuildConfiguration;
			buildSettings = {
				ASSETCATALOG_COMPILER_APPICON_NAME = AppIcon;
				ASSETCATALOG_COMPILER_GLOBAL_ACCENT_COLOR_NAME = AccentColor;
				CODE_SIGN_STYLE = Automatic;
				CURRENT_PROJECT_VERSION = 1;
				DEVELOPMENT_ASSET_PATHS = "\"Xplore/Preview Content\"";
				DEVELOPMENT_TEAM = VARVZQCW82;
				ENABLE_PREVIEWS = YES;
				GENERATE_INFOPLIST_FILE = YES;
				INFOPLIST_KEY_UIApplicationSceneManifest_Generation = YES;
				INFOPLIST_KEY_UIApplicationSupportsIndirectInputEvents = YES;
				INFOPLIST_KEY_UILaunchScreen_Generation = YES;
				INFOPLIST_KEY_UISupportedInterfaceOrientations_iPad = "UIInterfaceOrientationPortrait UIInterfaceOrientationPortraitUpsideDown UIInterfaceOrientationLandscapeLeft UIInterfaceOrientationLandscapeRight";
				INFOPLIST_KEY_UISupportedInterfaceOrientations_iPhone = "UIInterfaceOrientationPortrait UIInterfaceOrientationLandscapeLeft UIInterfaceOrientationLandscapeRight";
				LD_RUNPATH_SEARCH_PATHS = (
					"$(inherited)",
					"@executable_path/Frameworks",
				);
				MARKETING_VERSION = 1.0;
				PRODUCT_BUNDLE_IDENTIFIER = com.leandervanaarde.Xplore;
				PRODUCT_NAME = "$(TARGET_NAME)";
				SWIFT_EMIT_LOC_STRINGS = YES;
				SWIFT_VERSION = 5.0;
				TARGETED_DEVICE_FAMILY = "1,2";
			};
			name = Release;
		};
		6E5583462A45847400FCDBD4 /* Debug */ = {
			isa = XCBuildConfiguration;
			buildSettings = {
				ALWAYS_EMBED_SWIFT_STANDARD_LIBRARIES = YES;
				BUNDLE_LOADER = "$(TEST_HOST)";
				CODE_SIGN_STYLE = Automatic;
				CURRENT_PROJECT_VERSION = 1;
				DEVELOPMENT_TEAM = VARVZQCW82;
				GENERATE_INFOPLIST_FILE = YES;
				IPHONEOS_DEPLOYMENT_TARGET = 16.2;
				MARKETING_VERSION = 1.0;
				PRODUCT_BUNDLE_IDENTIFIER = com.leandervanaarde.XploreTests;
				PRODUCT_NAME = "$(TARGET_NAME)";
				SWIFT_EMIT_LOC_STRINGS = NO;
				SWIFT_VERSION = 5.0;
				TARGETED_DEVICE_FAMILY = "1,2";
				TEST_HOST = "$(BUILT_PRODUCTS_DIR)/Xplore.app/$(BUNDLE_EXECUTABLE_FOLDER_PATH)/Xplore";
			};
			name = Debug;
		};
		6E5583472A45847400FCDBD4 /* Release */ = {
			isa = XCBuildConfiguration;
			buildSettings = {
				ALWAYS_EMBED_SWIFT_STANDARD_LIBRARIES = YES;
				BUNDLE_LOADER = "$(TEST_HOST)";
				CODE_SIGN_STYLE = Automatic;
				CURRENT_PROJECT_VERSION = 1;
				DEVELOPMENT_TEAM = VARVZQCW82;
				GENERATE_INFOPLIST_FILE = YES;
				IPHONEOS_DEPLOYMENT_TARGET = 16.2;
				MARKETING_VERSION = 1.0;
				PRODUCT_BUNDLE_IDENTIFIER = com.leandervanaarde.XploreTests;
				PRODUCT_NAME = "$(TARGET_NAME)";
				SWIFT_EMIT_LOC_STRINGS = NO;
				SWIFT_VERSION = 5.0;
				TARGETED_DEVICE_FAMILY = "1,2";
				TEST_HOST = "$(BUILT_PRODUCTS_DIR)/Xplore.app/$(BUNDLE_EXECUTABLE_FOLDER_PATH)/Xplore";
			};
			name = Release;
		};
		6E5583492A45847400FCDBD4 /* Debug */ = {
			isa = XCBuildConfiguration;
			buildSettings = {
				ALWAYS_EMBED_SWIFT_STANDARD_LIBRARIES = YES;
				CODE_SIGN_STYLE = Automatic;
				CURRENT_PROJECT_VERSION = 1;
				DEVELOPMENT_TEAM = VARVZQCW82;
				GENERATE_INFOPLIST_FILE = YES;
				MARKETING_VERSION = 1.0;
				PRODUCT_BUNDLE_IDENTIFIER = com.leandervanaarde.XploreUITests;
				PRODUCT_NAME = "$(TARGET_NAME)";
				SWIFT_EMIT_LOC_STRINGS = NO;
				SWIFT_VERSION = 5.0;
				TARGETED_DEVICE_FAMILY = "1,2";
				TEST_TARGET_NAME = Xplore;
			};
			name = Debug;
		};
		6E55834A2A45847400FCDBD4 /* Release */ = {
			isa = XCBuildConfiguration;
			buildSettings = {
				ALWAYS_EMBED_SWIFT_STANDARD_LIBRARIES = YES;
				CODE_SIGN_STYLE = Automatic;
				CURRENT_PROJECT_VERSION = 1;
				DEVELOPMENT_TEAM = VARVZQCW82;
				GENERATE_INFOPLIST_FILE = YES;
				MARKETING_VERSION = 1.0;
				PRODUCT_BUNDLE_IDENTIFIER = com.leandervanaarde.XploreUITests;
				PRODUCT_NAME = "$(TARGET_NAME)";
				SWIFT_EMIT_LOC_STRINGS = NO;
				SWIFT_VERSION = 5.0;
				TARGETED_DEVICE_FAMILY = "1,2";
				TEST_TARGET_NAME = Xplore;
			};
			name = Release;
		};
/* End XCBuildConfiguration section */

/* Begin XCConfigurationList section */
		6E5583142A45847100FCDBD4 /* Build configuration list for PBXProject "Xplore" */ = {
			isa = XCConfigurationList;
			buildConfigurations = (
				6E5583402A45847400FCDBD4 /* Debug */,
				6E5583412A45847400FCDBD4 /* Release */,
			);
			defaultConfigurationIsVisible = 0;
			defaultConfigurationName = Release;
		};
		6E5583422A45847400FCDBD4 /* Build configuration list for PBXNativeTarget "Xplore" */ = {
			isa = XCConfigurationList;
			buildConfigurations = (
				6E5583432A45847400FCDBD4 /* Debug */,
				6E5583442A45847400FCDBD4 /* Release */,
			);
			defaultConfigurationIsVisible = 0;
			defaultConfigurationName = Release;
		};
		6E5583452A45847400FCDBD4 /* Build configuration list for PBXNativeTarget "XploreTests" */ = {
			isa = XCConfigurationList;
			buildConfigurations = (
				6E5583462A45847400FCDBD4 /* Debug */,
				6E5583472A45847400FCDBD4 /* Release */,
			);
			defaultConfigurationIsVisible = 0;
			defaultConfigurationName = Release;
		};
		6E5583482A45847400FCDBD4 /* Build configuration list for PBXNativeTarget "XploreUITests" */ = {
			isa = XCConfigurationList;
			buildConfigurations = (
				6E5583492A45847400FCDBD4 /* Debug */,
				6E55834A2A45847400FCDBD4 /* Release */,
			);
			defaultConfigurationIsVisible = 0;
			defaultConfigurationName = Release;
		};
/* End XCConfigurationList section */

/* Begin XCRemoteSwiftPackageReference section */
		D6B6F3062A458B24004520E2 /* XCRemoteSwiftPackageReference "firebase-ios-sdk" */ = {
			isa = XCRemoteSwiftPackageReference;
			repositoryURL = "https://github.com/firebase/firebase-ios-sdk";
			requirement = {
				kind = upToNextMajorVersion;
				minimumVersion = 9.0.0;
			};
		};
		D6C3BE402A49B1FF0054D9A8 /* XCRemoteSwiftPackageReference "SwiftSVG" */ = {
			isa = XCRemoteSwiftPackageReference;
			repositoryURL = "https://github.com/richardpiazza/SwiftSVG.git";
			requirement = {
				kind = upToNextMajorVersion;
				minimumVersion = 0.9.0;
			};
		};
/* End XCRemoteSwiftPackageReference section */

/* Begin XCSwiftPackageProductDependency section */
		D6B6F3072A458B24004520E2 /* FirebaseAuth */ = {
			isa = XCSwiftPackageProductDependency;
			package = D6B6F3062A458B24004520E2 /* XCRemoteSwiftPackageReference "firebase-ios-sdk" */;
			productName = FirebaseAuth;
		};
		D6B6F3092A458B24004520E2 /* FirebaseAuthCombine-Community */ = {
			isa = XCSwiftPackageProductDependency;
			package = D6B6F3062A458B24004520E2 /* XCRemoteSwiftPackageReference "firebase-ios-sdk" */;
			productName = "FirebaseAuthCombine-Community";
		};
		D6B6F30B2A458B24004520E2 /* FirebaseDatabase */ = {
			isa = XCSwiftPackageProductDependency;
			package = D6B6F3062A458B24004520E2 /* XCRemoteSwiftPackageReference "firebase-ios-sdk" */;
			productName = FirebaseDatabase;
		};
		D6B6F30D2A458B24004520E2 /* FirebaseDatabaseSwift */ = {
			isa = XCSwiftPackageProductDependency;
			package = D6B6F3062A458B24004520E2 /* XCRemoteSwiftPackageReference "firebase-ios-sdk" */;
			productName = FirebaseDatabaseSwift;
		};
		D6B6F30F2A458B24004520E2 /* FirebaseFirestore */ = {
			isa = XCSwiftPackageProductDependency;
			package = D6B6F3062A458B24004520E2 /* XCRemoteSwiftPackageReference "firebase-ios-sdk" */;
			productName = FirebaseFirestore;
		};
		D6B6F3112A458B24004520E2 /* FirebaseFirestoreCombine-Community */ = {
			isa = XCSwiftPackageProductDependency;
			package = D6B6F3062A458B24004520E2 /* XCRemoteSwiftPackageReference "firebase-ios-sdk" */;
			productName = "FirebaseFirestoreCombine-Community";
		};
		D6B6F3132A458B24004520E2 /* FirebaseFirestoreSwift */ = {
			isa = XCSwiftPackageProductDependency;
			package = D6B6F3062A458B24004520E2 /* XCRemoteSwiftPackageReference "firebase-ios-sdk" */;
			productName = FirebaseFirestoreSwift;
		};
		D6B6F3152A458B24004520E2 /* FirebaseStorage */ = {
			isa = XCSwiftPackageProductDependency;
			package = D6B6F3062A458B24004520E2 /* XCRemoteSwiftPackageReference "firebase-ios-sdk" */;
			productName = FirebaseStorage;
		};
		D6B6F3172A458B24004520E2 /* FirebaseStorageCombine-Community */ = {
			isa = XCSwiftPackageProductDependency;
			package = D6B6F3062A458B24004520E2 /* XCRemoteSwiftPackageReference "firebase-ios-sdk" */;
			productName = "FirebaseStorageCombine-Community";
		};
		D6C3BE412A49B2000054D9A8 /* SwiftSVG */ = {
			isa = XCSwiftPackageProductDependency;
			package = D6C3BE402A49B1FF0054D9A8 /* XCRemoteSwiftPackageReference "SwiftSVG" */;
			productName = SwiftSVG;
		};
/* End XCSwiftPackageProductDependency section */

/* Begin XCVersionGroup section */
		D63FCF682A4EC8D900D394B4 /* Xplore.xcdatamodeld */ = {
			isa = XCVersionGroup;
			children = (
				D63FCF692A4EC8D900D394B4 /* Xplore.xcdatamodel */,
			);
			currentVersion = D63FCF692A4EC8D900D394B4 /* Xplore.xcdatamodel */;
			path = Xplore.xcdatamodeld;
			sourceTree = "<group>";
			versionGroupType = wrapper.xcdatamodel;
		};
/* End XCVersionGroup section */
	};
	rootObject = 6E5583112A45847100FCDBD4 /* Project object */;
}
