// !$*UTF8*$!
{
	archiveVersion = 1;
	classes = {
	};
	objectVersion = 56;
	objects = {

/* Begin PBXBuildFile section */
		6E34CD972A45908900E1C8CD /* TestModel.swift in Sources */ = {isa = PBXBuildFile; fileRef = 6E34CD962A45908900E1C8CD /* TestModel.swift */; };
		6E34CD9D2A4591D700E1C8CD /* TestViewModel.swift in Sources */ = {isa = PBXBuildFile; fileRef = 6E34CD9C2A4591D700E1C8CD /* TestViewModel.swift */; };
		6E34CD9F2A4596CC00E1C8CD /* GoogleService-Info.plist in Resources */ = {isa = PBXBuildFile; fileRef = 6E34CD9E2A4596CC00E1C8CD /* GoogleService-Info.plist */; };
		6E4EA33B2A49678600F8819F /* test.swift in Sources */ = {isa = PBXBuildFile; fileRef = 6E4EA33A2A49678600F8819F /* test.swift */; };
		6E4EA33D2A49679300F8819F /* tester.swift in Sources */ = {isa = PBXBuildFile; fileRef = 6E4EA33C2A49679300F8819F /* tester.swift */; };
		6E4EA3402A4967AD00F8819F /* Another_test.swift in Sources */ = {isa = PBXBuildFile; fileRef = 6E4EA33F2A4967AD00F8819F /* Another_test.swift */; };
		6E55831D2A45847100FCDBD4 /* XploreApp.swift in Sources */ = {isa = PBXBuildFile; fileRef = 6E55831C2A45847100FCDBD4 /* XploreApp.swift */; };
		6E55831F2A45847100FCDBD4 /* ContentView.swift in Sources */ = {isa = PBXBuildFile; fileRef = 6E55831E2A45847100FCDBD4 /* ContentView.swift */; };
		6E5583212A45847300FCDBD4 /* Assets.xcassets in Resources */ = {isa = PBXBuildFile; fileRef = 6E5583202A45847300FCDBD4 /* Assets.xcassets */; };
		6E5583242A45847300FCDBD4 /* Preview Assets.xcassets in Resources */ = {isa = PBXBuildFile; fileRef = 6E5583232A45847300FCDBD4 /* Preview Assets.xcassets */; };
		6E5583262A45847300FCDBD4 /* Persistence.swift in Sources */ = {isa = PBXBuildFile; fileRef = 6E5583252A45847300FCDBD4 /* Persistence.swift */; };
		6E5583292A45847300FCDBD4 /* Xplore.xcdatamodeld in Sources */ = {isa = PBXBuildFile; fileRef = 6E5583272A45847300FCDBD4 /* Xplore.xcdatamodeld */; };
		6E5583332A45847400FCDBD4 /* XploreTests.swift in Sources */ = {isa = PBXBuildFile; fileRef = 6E5583322A45847400FCDBD4 /* XploreTests.swift */; };
		6E55833D2A45847400FCDBD4 /* XploreUITests.swift in Sources */ = {isa = PBXBuildFile; fileRef = 6E55833C2A45847400FCDBD4 /* XploreUITests.swift */; };
		6E55833F2A45847400FCDBD4 /* XploreUITestsLaunchTests.swift in Sources */ = {isa = PBXBuildFile; fileRef = 6E55833E2A45847400FCDBD4 /* XploreUITestsLaunchTests.swift */; };
		D6B6F3082A458B24004520E2 /* FirebaseAuth in Frameworks */ = {isa = PBXBuildFile; productRef = D6B6F3072A458B24004520E2 /* FirebaseAuth */; };
		D6B6F30A2A458B24004520E2 /* FirebaseAuthCombine-Community in Frameworks */ = {isa = PBXBuildFile; productRef = D6B6F3092A458B24004520E2 /* FirebaseAuthCombine-Community */; };
		D6B6F30C2A458B24004520E2 /* FirebaseDatabase in Frameworks */ = {isa = PBXBuildFile; productRef = D6B6F30B2A458B24004520E2 /* FirebaseDatabase */; };
		D6B6F30E2A458B24004520E2 /* FirebaseDatabaseSwift in Frameworks */ = {isa = PBXBuildFile; productRef = D6B6F30D2A458B24004520E2 /* FirebaseDatabaseSwift */; };
		D6B6F3102A458B24004520E2 /* FirebaseFirestore in Frameworks */ = {isa = PBXBuildFile; productRef = D6B6F30F2A458B24004520E2 /* FirebaseFirestore */; };
		D6B6F3122A458B24004520E2 /* FirebaseFirestoreCombine-Community in Frameworks */ = {isa = PBXBuildFile; productRef = D6B6F3112A458B24004520E2 /* FirebaseFirestoreCombine-Community */; };
		D6B6F3142A458B24004520E2 /* FirebaseFirestoreSwift in Frameworks */ = {isa = PBXBuildFile; productRef = D6B6F3132A458B24004520E2 /* FirebaseFirestoreSwift */; };
		D6B6F3162A458B24004520E2 /* FirebaseStorage in Frameworks */ = {isa = PBXBuildFile; productRef = D6B6F3152A458B24004520E2 /* FirebaseStorage */; };
		D6B6F3182A458B24004520E2 /* FirebaseStorageCombine-Community in Frameworks */ = {isa = PBXBuildFile; productRef = D6B6F3172A458B24004520E2 /* FirebaseStorageCombine-Community */; };
		D6C3BE392A496B710054D9A8 /* SplashView.swift in Sources */ = {isa = PBXBuildFile; fileRef = D6C3BE382A496B710054D9A8 /* SplashView.swift */; };
/* End PBXBuildFile section */

/* Begin PBXContainerItemProxy section */
		6E55832F2A45847400FCDBD4 /* PBXContainerItemProxy */ = {
			isa = PBXContainerItemProxy;
			containerPortal = 6E5583112A45847100FCDBD4 /* Project object */;
			proxyType = 1;
			remoteGlobalIDString = 6E5583182A45847100FCDBD4;
			remoteInfo = Xplore;
		};
		6E5583392A45847400FCDBD4 /* PBXContainerItemProxy */ = {
			isa = PBXContainerItemProxy;
			containerPortal = 6E5583112A45847100FCDBD4 /* Project object */;
			proxyType = 1;
			remoteGlobalIDString = 6E5583182A45847100FCDBD4;
			remoteInfo = Xplore;
		};
/* End PBXContainerItemProxy section */

/* Begin PBXFileReference section */
		6E34CD962A45908900E1C8CD /* TestModel.swift */ = {isa = PBXFileReference; lastKnownFileType = sourcecode.swift; path = TestModel.swift; sourceTree = "<group>"; };
		6E34CD9C2A4591D700E1C8CD /* TestViewModel.swift */ = {isa = PBXFileReference; lastKnownFileType = sourcecode.swift; path = TestViewModel.swift; sourceTree = "<group>"; };
		6E34CD9E2A4596CC00E1C8CD /* GoogleService-Info.plist */ = {isa = PBXFileReference; fileEncoding = 4; lastKnownFileType = text.plist.xml; name = "GoogleService-Info.plist"; path = "../../../../Downloads/GoogleService-Info.plist"; sourceTree = "<group>"; };
		6E4EA33A2A49678600F8819F /* test.swift */ = {isa = PBXFileReference; lastKnownFileType = sourcecode.swift; path = test.swift; sourceTree = "<group>"; };
		6E4EA33C2A49679300F8819F /* tester.swift */ = {isa = PBXFileReference; lastKnownFileType = sourcecode.swift; path = tester.swift; sourceTree = "<group>"; };
		6E4EA33F2A4967AD00F8819F /* Another_test.swift */ = {isa = PBXFileReference; lastKnownFileType = sourcecode.swift; path = Another_test.swift; sourceTree = "<group>"; };
		6E5583192A45847100FCDBD4 /* Xplore.app */ = {isa = PBXFileReference; explicitFileType = wrapper.application; includeInIndex = 0; path = Xplore.app; sourceTree = BUILT_PRODUCTS_DIR; };
		6E55831C2A45847100FCDBD4 /* XploreApp.swift */ = {isa = PBXFileReference; lastKnownFileType = sourcecode.swift; path = XploreApp.swift; sourceTree = "<group>"; };
		6E55831E2A45847100FCDBD4 /* ContentView.swift */ = {isa = PBXFileReference; lastKnownFileType = sourcecode.swift; path = ContentView.swift; sourceTree = "<group>"; };
		6E5583202A45847300FCDBD4 /* Assets.xcassets */ = {isa = PBXFileReference; lastKnownFileType = folder.assetcatalog; path = Assets.xcassets; sourceTree = "<group>"; };
		6E5583232A45847300FCDBD4 /* Preview Assets.xcassets */ = {isa = PBXFileReference; lastKnownFileType = folder.assetcatalog; path = "Preview Assets.xcassets"; sourceTree = "<group>"; };
		6E5583252A45847300FCDBD4 /* Persistence.swift */ = {isa = PBXFileReference; lastKnownFileType = sourcecode.swift; path = Persistence.swift; sourceTree = "<group>"; };
		6E5583282A45847300FCDBD4 /* Xplore.xcdatamodel */ = {isa = PBXFileReference; lastKnownFileType = wrapper.xcdatamodel; path = Xplore.xcdatamodel; sourceTree = "<group>"; };
		6E55832E2A45847400FCDBD4 /* XploreTests.xctest */ = {isa = PBXFileReference; explicitFileType = wrapper.cfbundle; includeInIndex = 0; path = XploreTests.xctest; sourceTree = BUILT_PRODUCTS_DIR; };
		6E5583322A45847400FCDBD4 /* XploreTests.swift */ = {isa = PBXFileReference; lastKnownFileType = sourcecode.swift; path = XploreTests.swift; sourceTree = "<group>"; };
		6E5583382A45847400FCDBD4 /* XploreUITests.xctest */ = {isa = PBXFileReference; explicitFileType = wrapper.cfbundle; includeInIndex = 0; path = XploreUITests.xctest; sourceTree = BUILT_PRODUCTS_DIR; };
		6E55833C2A45847400FCDBD4 /* XploreUITests.swift */ = {isa = PBXFileReference; lastKnownFileType = sourcecode.swift; path = XploreUITests.swift; sourceTree = "<group>"; };
		6E55833E2A45847400FCDBD4 /* XploreUITestsLaunchTests.swift */ = {isa = PBXFileReference; lastKnownFileType = sourcecode.swift; path = XploreUITestsLaunchTests.swift; sourceTree = "<group>"; };
		D6C3BE382A496B710054D9A8 /* SplashView.swift */ = {isa = PBXFileReference; lastKnownFileType = sourcecode.swift; path = SplashView.swift; sourceTree = "<group>"; };
/* End PBXFileReference section */

/* Begin PBXFrameworksBuildPhase section */
		6E5583162A45847100FCDBD4 /* Frameworks */ = {
			isa = PBXFrameworksBuildPhase;
			buildActionMask = 2147483647;
			files = (
				D6B6F30E2A458B24004520E2 /* FirebaseDatabaseSwift in Frameworks */,
				D6B6F30C2A458B24004520E2 /* FirebaseDatabase in Frameworks */,
				D6B6F3082A458B24004520E2 /* FirebaseAuth in Frameworks */,
				D6B6F3142A458B24004520E2 /* FirebaseFirestoreSwift in Frameworks */,
				D6B6F3122A458B24004520E2 /* FirebaseFirestoreCombine-Community in Frameworks */,
				D6B6F3162A458B24004520E2 /* FirebaseStorage in Frameworks */,
				D6B6F3102A458B24004520E2 /* FirebaseFirestore in Frameworks */,
				D6B6F3182A458B24004520E2 /* FirebaseStorageCombine-Community in Frameworks */,
				D6B6F30A2A458B24004520E2 /* FirebaseAuthCombine-Community in Frameworks */,
			);
			runOnlyForDeploymentPostprocessing = 0;
		};
		6E55832B2A45847400FCDBD4 /* Frameworks */ = {
			isa = PBXFrameworksBuildPhase;
			buildActionMask = 2147483647;
			files = (
			);
			runOnlyForDeploymentPostprocessing = 0;
		};
		6E5583352A45847400FCDBD4 /* Frameworks */ = {
			isa = PBXFrameworksBuildPhase;
			buildActionMask = 2147483647;
			files = (
			);
			runOnlyForDeploymentPostprocessing = 0;
		};
/* End PBXFrameworksBuildPhase section */

/* Begin PBXGroup section */
		6E34CD952A45906C00E1C8CD /* Models */ = {
			isa = PBXGroup;
			children = (
				6E34CD962A45908900E1C8CD /* TestModel.swift */,
			);
			name = Models;
			sourceTree = "<group>";
		};
		6E34CD982A45912F00E1C8CD /* Services */ = {
			isa = PBXGroup;
			children = (
				6E34CD992A45914100E1C8CD /* Repositories */,
			);
			name = Services;
			sourceTree = "<group>";
		};
		6E34CD992A45914100E1C8CD /* Repositories */ = {
			isa = PBXGroup;
			children = (
				6E34CD9B2A4591BF00E1C8CD /* Test */,
			);
			path = Repositories;
			sourceTree = "<group>";
		};
		6E34CD9B2A4591BF00E1C8CD /* Test */ = {
			isa = PBXGroup;
			children = (
				6E34CD9C2A4591D700E1C8CD /* TestViewModel.swift */,
			);
			path = Test;
			sourceTree = "<group>";
		};
		6E4EA3362A49667B00F8819F /* Resources */ = {
			isa = PBXGroup;
			children = (
				6E5583202A45847300FCDBD4 /* Assets.xcassets */,
			);
			name = Resources;
			sourceTree = "<group>";
		};
		6E4EA3372A49669C00F8819F /* Components */ = {
			isa = PBXGroup;
			children = (
				6E4EA33C2A49679300F8819F /* tester.swift */,
			);
			name = Components;
			sourceTree = "<group>";
		};
		6E4EA3382A4966A700F8819F /* Views */ = {
			isa = PBXGroup;
			children = (
				6E4EA33A2A49678600F8819F /* test.swift */,
				D6C3BE382A496B710054D9A8 /* SplashView.swift */,
			);
			name = Views;
			sourceTree = "<group>";
		};
		6E4EA3392A49670800F8819F /* ViewModels */ = {
			isa = PBXGroup;
			children = (
				6E4EA33F2A4967AD00F8819F /* Another_test.swift */,
			);
			name = ViewModels;
			sourceTree = "<group>";
		};
		6E5583102A45847100FCDBD4 = {
			isa = PBXGroup;
			children = (
				6E55831B2A45847100FCDBD4 /* Xplore */,
				6E5583312A45847400FCDBD4 /* XploreTests */,
				6E55833B2A45847400FCDBD4 /* XploreUITests */,
				6E55831A2A45847100FCDBD4 /* Products */,
			);
			sourceTree = "<group>";
		};
		6E55831A2A45847100FCDBD4 /* Products */ = {
			isa = PBXGroup;
			children = (
				6E5583192A45847100FCDBD4 /* Xplore.app */,
				6E55832E2A45847400FCDBD4 /* XploreTests.xctest */,
				6E5583382A45847400FCDBD4 /* XploreUITests.xctest */,
			);
			name = Products;
			sourceTree = "<group>";
		};
		6E55831B2A45847100FCDBD4 /* Xplore */ = {
			isa = PBXGroup;
			children = (
				6E4EA3382A4966A700F8819F /* Views */,
				6E4EA3372A49669C00F8819F /* Components */,
				6E4EA3392A49670800F8819F /* ViewModels */,
				6E4EA3362A49667B00F8819F /* Resources */,
				6E34CD9E2A4596CC00E1C8CD /* GoogleService-Info.plist */,
				6E34CD982A45912F00E1C8CD /* Services */,
				6E34CD952A45906C00E1C8CD /* Models */,
				6E55831C2A45847100FCDBD4 /* XploreApp.swift */,
				6E55831E2A45847100FCDBD4 /* ContentView.swift */,
				6E5583252A45847300FCDBD4 /* Persistence.swift */,
				6E5583272A45847300FCDBD4 /* Xplore.xcdatamodeld */,
				6E5583222A45847300FCDBD4 /* Preview Content */,
			);
			path = Xplore;
			sourceTree = "<group>";
		};
		6E5583222A45847300FCDBD4 /* Preview Content */ = {
			isa = PBXGroup;
			children = (
				6E5583232A45847300FCDBD4 /* Preview Assets.xcassets */,
			);
			path = "Preview Content";
			sourceTree = "<group>";
		};
		6E5583312A45847400FCDBD4 /* XploreTests */ = {
			isa = PBXGroup;
			children = (
				6E5583322A45847400FCDBD4 /* XploreTests.swift */,
			);
			path = XploreTests;
			sourceTree = "<group>";
		};
		6E55833B2A45847400FCDBD4 /* XploreUITests */ = {
			isa = PBXGroup;
			children = (
				6E55833C2A45847400FCDBD4 /* XploreUITests.swift */,
				6E55833E2A45847400FCDBD4 /* XploreUITestsLaunchTests.swift */,
			);
			path = XploreUITests;
			sourceTree = "<group>";
		};
/* End PBXGroup section */

/* Begin PBXNativeTarget section */
		6E5583182A45847100FCDBD4 /* Xplore */ = {
			isa = PBXNativeTarget;
			buildConfigurationList = 6E5583422A45847400FCDBD4 /* Build configuration list for PBXNativeTarget "Xplore" */;
			buildPhases = (
				6E5583152A45847100FCDBD4 /* Sources */,
				6E5583162A45847100FCDBD4 /* Frameworks */,
				6E5583172A45847100FCDBD4 /* Resources */,
			);
			buildRules = (
			);
			dependencies = (
			);
			name = Xplore;
			packageProductDependencies = (
				D6B6F3072A458B24004520E2 /* FirebaseAuth */,
				D6B6F3092A458B24004520E2 /* FirebaseAuthCombine-Community */,
				D6B6F30B2A458B24004520E2 /* FirebaseDatabase */,
				D6B6F30D2A458B24004520E2 /* FirebaseDatabaseSwift */,
				D6B6F30F2A458B24004520E2 /* FirebaseFirestore */,
				D6B6F3112A458B24004520E2 /* FirebaseFirestoreCombine-Community */,
				D6B6F3132A458B24004520E2 /* FirebaseFirestoreSwift */,
				D6B6F3152A458B24004520E2 /* FirebaseStorage */,
				D6B6F3172A458B24004520E2 /* FirebaseStorageCombine-Community */,
			);
			productName = Xplore;
			productReference = 6E5583192A45847100FCDBD4 /* Xplore.app */;
			productType = "com.apple.product-type.application";
		};
		6E55832D2A45847400FCDBD4 /* XploreTests */ = {
			isa = PBXNativeTarget;
			buildConfigurationList = 6E5583452A45847400FCDBD4 /* Build configuration list for PBXNativeTarget "XploreTests" */;
			buildPhases = (
				6E55832A2A45847400FCDBD4 /* Sources */,
				6E55832B2A45847400FCDBD4 /* Frameworks */,
				6E55832C2A45847400FCDBD4 /* Resources */,
			);
			buildRules = (
			);
			dependencies = (
				6E5583302A45847400FCDBD4 /* PBXTargetDependency */,
			);
			name = XploreTests;
			productName = XploreTests;
			productReference = 6E55832E2A45847400FCDBD4 /* XploreTests.xctest */;
			productType = "com.apple.product-type.bundle.unit-test";
		};
		6E5583372A45847400FCDBD4 /* XploreUITests */ = {
			isa = PBXNativeTarget;
			buildConfigurationList = 6E5583482A45847400FCDBD4 /* Build configuration list for PBXNativeTarget "XploreUITests" */;
			buildPhases = (
				6E5583342A45847400FCDBD4 /* Sources */,
				6E5583352A45847400FCDBD4 /* Frameworks */,
				6E5583362A45847400FCDBD4 /* Resources */,
			);
			buildRules = (
			);
			dependencies = (
				6E55833A2A45847400FCDBD4 /* PBXTargetDependency */,
			);
			name = XploreUITests;
			productName = XploreUITests;
			productReference = 6E5583382A45847400FCDBD4 /* XploreUITests.xctest */;
			productType = "com.apple.product-type.bundle.ui-testing";
		};
/* End PBXNativeTarget section */

/* Begin PBXProject section */
		6E5583112A45847100FCDBD4 /* Project object */ = {
			isa = PBXProject;
			attributes = {
				BuildIndependentTargetsInParallel = 1;
				LastSwiftUpdateCheck = 1420;
				LastUpgradeCheck = 1420;
				TargetAttributes = {
					6E5583182A45847100FCDBD4 = {
						CreatedOnToolsVersion = 14.2;
					};
					6E55832D2A45847400FCDBD4 = {
						CreatedOnToolsVersion = 14.2;
						TestTargetID = 6E5583182A45847100FCDBD4;
					};
					6E5583372A45847400FCDBD4 = {
						CreatedOnToolsVersion = 14.2;
						TestTargetID = 6E5583182A45847100FCDBD4;
					};
				};
			};
			buildConfigurationList = 6E5583142A45847100FCDBD4 /* Build configuration list for PBXProject "Xplore" */;
			compatibilityVersion = "Xcode 14.0";
			developmentRegion = en;
			hasScannedForEncodings = 0;
			knownRegions = (
				en,
				Base,
			);
			mainGroup = 6E5583102A45847100FCDBD4;
			packageReferences = (
				D6B6F3062A458B24004520E2 /* XCRemoteSwiftPackageReference "firebase-ios-sdk" */,
			);
			productRefGroup = 6E55831A2A45847100FCDBD4 /* Products */;
			projectDirPath = "";
			projectRoot = "";
			targets = (
				6E5583182A45847100FCDBD4 /* Xplore */,
				6E55832D2A45847400FCDBD4 /* XploreTests */,
				6E5583372A45847400FCDBD4 /* XploreUITests */,
			);
		};
/* End PBXProject section */

/* Begin PBXResourcesBuildPhase section */
		6E5583172A45847100FCDBD4 /* Resources */ = {
			isa = PBXResourcesBuildPhase;
			buildActionMask = 2147483647;
			files = (
				6E5583242A45847300FCDBD4 /* Preview Assets.xcassets in Resources */,
				6E5583212A45847300FCDBD4 /* Assets.xcassets in Resources */,
				6E34CD9F2A4596CC00E1C8CD /* GoogleService-Info.plist in Resources */,
			);
			runOnlyForDeploymentPostprocessing = 0;
		};
		6E55832C2A45847400FCDBD4 /* Resources */ = {
			isa = PBXResourcesBuildPhase;
			buildActionMask = 2147483647;
			files = (
			);
			runOnlyForDeploymentPostprocessing = 0;
		};
		6E5583362A45847400FCDBD4 /* Resources */ = {
			isa = PBXResourcesBuildPhase;
			buildActionMask = 2147483647;
			files = (
			);
			runOnlyForDeploymentPostprocessing = 0;
		};
/* End PBXResourcesBuildPhase section */

/* Begin PBXSourcesBuildPhase section */
		6E5583152A45847100FCDBD4 /* Sources */ = {
			isa = PBXSourcesBuildPhase;
			buildActionMask = 2147483647;
			files = (
				6E34CD9D2A4591D700E1C8CD /* TestViewModel.swift in Sources */,
				6E5583262A45847300FCDBD4 /* Persistence.swift in Sources */,
				6E5583292A45847300FCDBD4 /* Xplore.xcdatamodeld in Sources */,
				6E4EA3402A4967AD00F8819F /* Another_test.swift in Sources */,
				6E34CD972A45908900E1C8CD /* TestModel.swift in Sources */,
				6E55831F2A45847100FCDBD4 /* ContentView.swift in Sources */,
				6E55831D2A45847100FCDBD4 /* XploreApp.swift in Sources */,
				D6C3BE392A496B710054D9A8 /* SplashView.swift in Sources */,
				6E4EA33D2A49679300F8819F /* tester.swift in Sources */,
				6E4EA33B2A49678600F8819F /* test.swift in Sources */,
			);
			runOnlyForDeploymentPostprocessing = 0;
		};
		6E55832A2A45847400FCDBD4 /* Sources */ = {
			isa = PBXSourcesBuildPhase;
			buildActionMask = 2147483647;
			files = (
				6E5583332A45847400FCDBD4 /* XploreTests.swift in Sources */,
			);
			runOnlyForDeploymentPostprocessing = 0;
		};
		6E5583342A45847400FCDBD4 /* Sources */ = {
			isa = PBXSourcesBuildPhase;
			buildActionMask = 2147483647;
			files = (
				6E55833F2A45847400FCDBD4 /* XploreUITestsLaunchTests.swift in Sources */,
				6E55833D2A45847400FCDBD4 /* XploreUITests.swift in Sources */,
			);
			runOnlyForDeploymentPostprocessing = 0;
		};
/* End PBXSourcesBuildPhase section */

/* Begin PBXTargetDependency section */
		6E5583302A45847400FCDBD4 /* PBXTargetDependency */ = {
			isa = PBXTargetDependency;
			target = 6E5583182A45847100FCDBD4 /* Xplore */;
			targetProxy = 6E55832F2A45847400FCDBD4 /* PBXContainerItemProxy */;
		};
		6E55833A2A45847400FCDBD4 /* PBXTargetDependency */ = {
			isa = PBXTargetDependency;
			target = 6E5583182A45847100FCDBD4 /* Xplore */;
			targetProxy = 6E5583392A45847400FCDBD4 /* PBXContainerItemProxy */;
		};
/* End PBXTargetDependency section */

/* Begin XCBuildConfiguration section */
		6E5583402A45847400FCDBD4 /* Debug */ = {
			isa = XCBuildConfiguration;
			buildSettings = {
				ALWAYS_SEARCH_USER_PATHS = NO;
				CLANG_ANALYZER_NONNULL = YES;
				CLANG_ANALYZER_NUMBER_OBJECT_CONVERSION = YES_AGGRESSIVE;
				CLANG_CXX_LANGUAGE_STANDARD = "gnu++20";
				CLANG_ENABLE_MODULES = YES;
				CLANG_ENABLE_OBJC_ARC = YES;
				CLANG_ENABLE_OBJC_WEAK = YES;
				CLANG_WARN_BLOCK_CAPTURE_AUTORELEASING = YES;
				CLANG_WARN_BOOL_CONVERSION = YES;
				CLANG_WARN_COMMA = YES;
				CLANG_WARN_CONSTANT_CONVERSION = YES;
				CLANG_WARN_DEPRECATED_OBJC_IMPLEMENTATIONS = YES;
				CLANG_WARN_DIRECT_OBJC_ISA_USAGE = YES_ERROR;
				CLANG_WARN_DOCUMENTATION_COMMENTS = YES;
				CLANG_WARN_EMPTY_BODY = YES;
				CLANG_WARN_ENUM_CONVERSION = YES;
				CLANG_WARN_INFINITE_RECURSION = YES;
				CLANG_WARN_INT_CONVERSION = YES;
				CLANG_WARN_NON_LITERAL_NULL_CONVERSION = YES;
				CLANG_WARN_OBJC_IMPLICIT_RETAIN_SELF = YES;
				CLANG_WARN_OBJC_LITERAL_CONVERSION = YES;
				CLANG_WARN_OBJC_ROOT_CLASS = YES_ERROR;
				CLANG_WARN_QUOTED_INCLUDE_IN_FRAMEWORK_HEADER = YES;
				CLANG_WARN_RANGE_LOOP_ANALYSIS = YES;
				CLANG_WARN_STRICT_PROTOTYPES = YES;
				CLANG_WARN_SUSPICIOUS_MOVE = YES;
				CLANG_WARN_UNGUARDED_AVAILABILITY = YES_AGGRESSIVE;
				CLANG_WARN_UNREACHABLE_CODE = YES;
				CLANG_WARN__DUPLICATE_METHOD_MATCH = YES;
				COPY_PHASE_STRIP = NO;
				DEBUG_INFORMATION_FORMAT = dwarf;
				ENABLE_STRICT_OBJC_MSGSEND = YES;
				ENABLE_TESTABILITY = YES;
				GCC_C_LANGUAGE_STANDARD = gnu11;
				GCC_DYNAMIC_NO_PIC = NO;
				GCC_NO_COMMON_BLOCKS = YES;
				GCC_OPTIMIZATION_LEVEL = 0;
				GCC_PREPROCESSOR_DEFINITIONS = (
					"DEBUG=1",
					"$(inherited)",
				);
				GCC_WARN_64_TO_32_BIT_CONVERSION = YES;
				GCC_WARN_ABOUT_RETURN_TYPE = YES_ERROR;
				GCC_WARN_UNDECLARED_SELECTOR = YES;
				GCC_WARN_UNINITIALIZED_AUTOS = YES_AGGRESSIVE;
				GCC_WARN_UNUSED_FUNCTION = YES;
				GCC_WARN_UNUSED_VARIABLE = YES;
				IPHONEOS_DEPLOYMENT_TARGET = 16.2;
				MTL_ENABLE_DEBUG_INFO = INCLUDE_SOURCE;
				MTL_FAST_MATH = YES;
				ONLY_ACTIVE_ARCH = YES;
				SDKROOT = iphoneos;
				SWIFT_ACTIVE_COMPILATION_CONDITIONS = DEBUG;
				SWIFT_OPTIMIZATION_LEVEL = "-Onone";
			};
			name = Debug;
		};
		6E5583412A45847400FCDBD4 /* Release */ = {
			isa = XCBuildConfiguration;
			buildSettings = {
				ALWAYS_SEARCH_USER_PATHS = NO;
				CLANG_ANALYZER_NONNULL = YES;
				CLANG_ANALYZER_NUMBER_OBJECT_CONVERSION = YES_AGGRESSIVE;
				CLANG_CXX_LANGUAGE_STANDARD = "gnu++20";
				CLANG_ENABLE_MODULES = YES;
				CLANG_ENABLE_OBJC_ARC = YES;
				CLANG_ENABLE_OBJC_WEAK = YES;
				CLANG_WARN_BLOCK_CAPTURE_AUTORELEASING = YES;
				CLANG_WARN_BOOL_CONVERSION = YES;
				CLANG_WARN_COMMA = YES;
				CLANG_WARN_CONSTANT_CONVERSION = YES;
				CLANG_WARN_DEPRECATED_OBJC_IMPLEMENTATIONS = YES;
				CLANG_WARN_DIRECT_OBJC_ISA_USAGE = YES_ERROR;
				CLANG_WARN_DOCUMENTATION_COMMENTS = YES;
				CLANG_WARN_EMPTY_BODY = YES;
				CLANG_WARN_ENUM_CONVERSION = YES;
				CLANG_WARN_INFINITE_RECURSION = YES;
				CLANG_WARN_INT_CONVERSION = YES;
				CLANG_WARN_NON_LITERAL_NULL_CONVERSION = YES;
				CLANG_WARN_OBJC_IMPLICIT_RETAIN_SELF = YES;
				CLANG_WARN_OBJC_LITERAL_CONVERSION = YES;
				CLANG_WARN_OBJC_ROOT_CLASS = YES_ERROR;
				CLANG_WARN_QUOTED_INCLUDE_IN_FRAMEWORK_HEADER = YES;
				CLANG_WARN_RANGE_LOOP_ANALYSIS = YES;
				CLANG_WARN_STRICT_PROTOTYPES = YES;
				CLANG_WARN_SUSPICIOUS_MOVE = YES;
				CLANG_WARN_UNGUARDED_AVAILABILITY = YES_AGGRESSIVE;
				CLANG_WARN_UNREACHABLE_CODE = YES;
				CLANG_WARN__DUPLICATE_METHOD_MATCH = YES;
				COPY_PHASE_STRIP = NO;
				DEBUG_INFORMATION_FORMAT = "dwarf-with-dsym";
				ENABLE_NS_ASSERTIONS = NO;
				ENABLE_STRICT_OBJC_MSGSEND = YES;
				GCC_C_LANGUAGE_STANDARD = gnu11;
				GCC_NO_COMMON_BLOCKS = YES;
				GCC_WARN_64_TO_32_BIT_CONVERSION = YES;
				GCC_WARN_ABOUT_RETURN_TYPE = YES_ERROR;
				GCC_WARN_UNDECLARED_SELECTOR = YES;
				GCC_WARN_UNINITIALIZED_AUTOS = YES_AGGRESSIVE;
				GCC_WARN_UNUSED_FUNCTION = YES;
				GCC_WARN_UNUSED_VARIABLE = YES;
				IPHONEOS_DEPLOYMENT_TARGET = 16.2;
				MTL_ENABLE_DEBUG_INFO = NO;
				MTL_FAST_MATH = YES;
				SDKROOT = iphoneos;
				SWIFT_COMPILATION_MODE = wholemodule;
				SWIFT_OPTIMIZATION_LEVEL = "-O";
				VALIDATE_PRODUCT = YES;
			};
			name = Release;
		};
		6E5583432A45847400FCDBD4 /* Debug */ = {
			isa = XCBuildConfiguration;
			buildSettings = {
				ASSETCATALOG_COMPILER_APPICON_NAME = AppIcon;
				ASSETCATALOG_COMPILER_GLOBAL_ACCENT_COLOR_NAME = AccentColor;
				CODE_SIGN_STYLE = Automatic;
				CURRENT_PROJECT_VERSION = 1;
				DEVELOPMENT_ASSET_PATHS = "\"Xplore/Preview Content\"";
				DEVELOPMENT_TEAM = VARVZQCW82;
				ENABLE_PREVIEWS = YES;
				GENERATE_INFOPLIST_FILE = YES;
				INFOPLIST_KEY_UIApplicationSceneManifest_Generation = YES;
				INFOPLIST_KEY_UIApplicationSupportsIndirectInputEvents = YES;
				INFOPLIST_KEY_UILaunchScreen_Generation = YES;
				INFOPLIST_KEY_UISupportedInterfaceOrientations_iPad = "UIInterfaceOrientationPortrait UIInterfaceOrientationPortraitUpsideDown UIInterfaceOrientationLandscapeLeft UIInterfaceOrientationLandscapeRight";
				INFOPLIST_KEY_UISupportedInterfaceOrientations_iPhone = "UIInterfaceOrientationPortrait UIInterfaceOrientationLandscapeLeft UIInterfaceOrientationLandscapeRight";
				LD_RUNPATH_SEARCH_PATHS = (
					"$(inherited)",
					"@executable_path/Frameworks",
				);
				MARKETING_VERSION = 1.0;
				PRODUCT_BUNDLE_IDENTIFIER = com.leandervanaarde.Xplore;
				PRODUCT_NAME = "$(TARGET_NAME)";
				SWIFT_EMIT_LOC_STRINGS = YES;
				SWIFT_VERSION = 5.0;
				TARGETED_DEVICE_FAMILY = "1,2";
			};
			name = Debug;
		};
		6E5583442A45847400FCDBD4 /* Release */ = {
			isa = XCBuildConfiguration;
			buildSettings = {
				ASSETCATALOG_COMPILER_APPICON_NAME = AppIcon;
				ASSETCATALOG_COMPILER_GLOBAL_ACCENT_COLOR_NAME = AccentColor;
				CODE_SIGN_STYLE = Automatic;
				CURRENT_PROJECT_VERSION = 1;
				DEVELOPMENT_ASSET_PATHS = "\"Xplore/Preview Content\"";
				DEVELOPMENT_TEAM = VARVZQCW82;
				ENABLE_PREVIEWS = YES;
				GENERATE_INFOPLIST_FILE = YES;
				INFOPLIST_KEY_UIApplicationSceneManifest_Generation = YES;
				INFOPLIST_KEY_UIApplicationSupportsIndirectInputEvents = YES;
				INFOPLIST_KEY_UILaunchScreen_Generation = YES;
				INFOPLIST_KEY_UISupportedInterfaceOrientations_iPad = "UIInterfaceOrientationPortrait UIInterfaceOrientationPortraitUpsideDown UIInterfaceOrientationLandscapeLeft UIInterfaceOrientationLandscapeRight";
				INFOPLIST_KEY_UISupportedInterfaceOrientations_iPhone = "UIInterfaceOrientationPortrait UIInterfaceOrientationLandscapeLeft UIInterfaceOrientationLandscapeRight";
				LD_RUNPATH_SEARCH_PATHS = (
					"$(inherited)",
					"@executable_path/Frameworks",
				);
				MARKETING_VERSION = 1.0;
				PRODUCT_BUNDLE_IDENTIFIER = com.leandervanaarde.Xplore;
				PRODUCT_NAME = "$(TARGET_NAME)";
				SWIFT_EMIT_LOC_STRINGS = YES;
				SWIFT_VERSION = 5.0;
				TARGETED_DEVICE_FAMILY = "1,2";
			};
			name = Release;
		};
		6E5583462A45847400FCDBD4 /* Debug */ = {
			isa = XCBuildConfiguration;
			buildSettings = {
				ALWAYS_EMBED_SWIFT_STANDARD_LIBRARIES = YES;
				BUNDLE_LOADER = "$(TEST_HOST)";
				CODE_SIGN_STYLE = Automatic;
				CURRENT_PROJECT_VERSION = 1;
				DEVELOPMENT_TEAM = VARVZQCW82;
				GENERATE_INFOPLIST_FILE = YES;
				IPHONEOS_DEPLOYMENT_TARGET = 16.2;
				MARKETING_VERSION = 1.0;
				PRODUCT_BUNDLE_IDENTIFIER = com.leandervanaarde.XploreTests;
				PRODUCT_NAME = "$(TARGET_NAME)";
				SWIFT_EMIT_LOC_STRINGS = NO;
				SWIFT_VERSION = 5.0;
				TARGETED_DEVICE_FAMILY = "1,2";
				TEST_HOST = "$(BUILT_PRODUCTS_DIR)/Xplore.app/$(BUNDLE_EXECUTABLE_FOLDER_PATH)/Xplore";
			};
			name = Debug;
		};
		6E5583472A45847400FCDBD4 /* Release */ = {
			isa = XCBuildConfiguration;
			buildSettings = {
				ALWAYS_EMBED_SWIFT_STANDARD_LIBRARIES = YES;
				BUNDLE_LOADER = "$(TEST_HOST)";
				CODE_SIGN_STYLE = Automatic;
				CURRENT_PROJECT_VERSION = 1;
				DEVELOPMENT_TEAM = VARVZQCW82;
				GENERATE_INFOPLIST_FILE = YES;
				IPHONEOS_DEPLOYMENT_TARGET = 16.2;
				MARKETING_VERSION = 1.0;
				PRODUCT_BUNDLE_IDENTIFIER = com.leandervanaarde.XploreTests;
				PRODUCT_NAME = "$(TARGET_NAME)";
				SWIFT_EMIT_LOC_STRINGS = NO;
				SWIFT_VERSION = 5.0;
				TARGETED_DEVICE_FAMILY = "1,2";
				TEST_HOST = "$(BUILT_PRODUCTS_DIR)/Xplore.app/$(BUNDLE_EXECUTABLE_FOLDER_PATH)/Xplore";
			};
			name = Release;
		};
		6E5583492A45847400FCDBD4 /* Debug */ = {
			isa = XCBuildConfiguration;
			buildSettings = {
				ALWAYS_EMBED_SWIFT_STANDARD_LIBRARIES = YES;
				CODE_SIGN_STYLE = Automatic;
				CURRENT_PROJECT_VERSION = 1;
				DEVELOPMENT_TEAM = VARVZQCW82;
				GENERATE_INFOPLIST_FILE = YES;
				MARKETING_VERSION = 1.0;
				PRODUCT_BUNDLE_IDENTIFIER = com.leandervanaarde.XploreUITests;
				PRODUCT_NAME = "$(TARGET_NAME)";
				SWIFT_EMIT_LOC_STRINGS = NO;
				SWIFT_VERSION = 5.0;
				TARGETED_DEVICE_FAMILY = "1,2";
				TEST_TARGET_NAME = Xplore;
			};
			name = Debug;
		};
		6E55834A2A45847400FCDBD4 /* Release */ = {
			isa = XCBuildConfiguration;
			buildSettings = {
				ALWAYS_EMBED_SWIFT_STANDARD_LIBRARIES = YES;
				CODE_SIGN_STYLE = Automatic;
				CURRENT_PROJECT_VERSION = 1;
				DEVELOPMENT_TEAM = VARVZQCW82;
				GENERATE_INFOPLIST_FILE = YES;
				MARKETING_VERSION = 1.0;
				PRODUCT_BUNDLE_IDENTIFIER = com.leandervanaarde.XploreUITests;
				PRODUCT_NAME = "$(TARGET_NAME)";
				SWIFT_EMIT_LOC_STRINGS = NO;
				SWIFT_VERSION = 5.0;
				TARGETED_DEVICE_FAMILY = "1,2";
				TEST_TARGET_NAME = Xplore;
			};
			name = Release;
		};
/* End XCBuildConfiguration section */

/* Begin XCConfigurationList section */
		6E5583142A45847100FCDBD4 /* Build configuration list for PBXProject "Xplore" */ = {
			isa = XCConfigurationList;
			buildConfigurations = (
				6E5583402A45847400FCDBD4 /* Debug */,
				6E5583412A45847400FCDBD4 /* Release */,
			);
			defaultConfigurationIsVisible = 0;
			defaultConfigurationName = Release;
		};
		6E5583422A45847400FCDBD4 /* Build configuration list for PBXNativeTarget "Xplore" */ = {
			isa = XCConfigurationList;
			buildConfigurations = (
				6E5583432A45847400FCDBD4 /* Debug */,
				6E5583442A45847400FCDBD4 /* Release */,
			);
			defaultConfigurationIsVisible = 0;
			defaultConfigurationName = Release;
		};
		6E5583452A45847400FCDBD4 /* Build configuration list for PBXNativeTarget "XploreTests" */ = {
			isa = XCConfigurationList;
			buildConfigurations = (
				6E5583462A45847400FCDBD4 /* Debug */,
				6E5583472A45847400FCDBD4 /* Release */,
			);
			defaultConfigurationIsVisible = 0;
			defaultConfigurationName = Release;
		};
		6E5583482A45847400FCDBD4 /* Build configuration list for PBXNativeTarget "XploreUITests" */ = {
			isa = XCConfigurationList;
			buildConfigurations = (
				6E5583492A45847400FCDBD4 /* Debug */,
				6E55834A2A45847400FCDBD4 /* Release */,
			);
			defaultConfigurationIsVisible = 0;
			defaultConfigurationName = Release;
		};
/* End XCConfigurationList section */

/* Begin XCRemoteSwiftPackageReference section */
		D6B6F3062A458B24004520E2 /* XCRemoteSwiftPackageReference "firebase-ios-sdk" */ = {
			isa = XCRemoteSwiftPackageReference;
			repositoryURL = "https://github.com/firebase/firebase-ios-sdk";
			requirement = {
				kind = upToNextMajorVersion;
				minimumVersion = 9.0.0;
			};
		};
/* End XCRemoteSwiftPackageReference section */

/* Begin XCSwiftPackageProductDependency section */
		D6B6F3072A458B24004520E2 /* FirebaseAuth */ = {
			isa = XCSwiftPackageProductDependency;
			package = D6B6F3062A458B24004520E2 /* XCRemoteSwiftPackageReference "firebase-ios-sdk" */;
			productName = FirebaseAuth;
		};
		D6B6F3092A458B24004520E2 /* FirebaseAuthCombine-Community */ = {
			isa = XCSwiftPackageProductDependency;
			package = D6B6F3062A458B24004520E2 /* XCRemoteSwiftPackageReference "firebase-ios-sdk" */;
			productName = "FirebaseAuthCombine-Community";
		};
		D6B6F30B2A458B24004520E2 /* FirebaseDatabase */ = {
			isa = XCSwiftPackageProductDependency;
			package = D6B6F3062A458B24004520E2 /* XCRemoteSwiftPackageReference "firebase-ios-sdk" */;
			productName = FirebaseDatabase;
		};
		D6B6F30D2A458B24004520E2 /* FirebaseDatabaseSwift */ = {
			isa = XCSwiftPackageProductDependency;
			package = D6B6F3062A458B24004520E2 /* XCRemoteSwiftPackageReference "firebase-ios-sdk" */;
			productName = FirebaseDatabaseSwift;
		};
		D6B6F30F2A458B24004520E2 /* FirebaseFirestore */ = {
			isa = XCSwiftPackageProductDependency;
			package = D6B6F3062A458B24004520E2 /* XCRemoteSwiftPackageReference "firebase-ios-sdk" */;
			productName = FirebaseFirestore;
		};
		D6B6F3112A458B24004520E2 /* FirebaseFirestoreCombine-Community */ = {
			isa = XCSwiftPackageProductDependency;
			package = D6B6F3062A458B24004520E2 /* XCRemoteSwiftPackageReference "firebase-ios-sdk" */;
			productName = "FirebaseFirestoreCombine-Community";
		};
		D6B6F3132A458B24004520E2 /* FirebaseFirestoreSwift */ = {
			isa = XCSwiftPackageProductDependency;
			package = D6B6F3062A458B24004520E2 /* XCRemoteSwiftPackageReference "firebase-ios-sdk" */;
			productName = FirebaseFirestoreSwift;
		};
		D6B6F3152A458B24004520E2 /* FirebaseStorage */ = {
			isa = XCSwiftPackageProductDependency;
			package = D6B6F3062A458B24004520E2 /* XCRemoteSwiftPackageReference "firebase-ios-sdk" */;
			productName = FirebaseStorage;
		};
		D6B6F3172A458B24004520E2 /* FirebaseStorageCombine-Community */ = {
			isa = XCSwiftPackageProductDependency;
			package = D6B6F3062A458B24004520E2 /* XCRemoteSwiftPackageReference "firebase-ios-sdk" */;
			productName = "FirebaseStorageCombine-Community";
		};
/* End XCSwiftPackageProductDependency section */

/* Begin XCVersionGroup section */
		6E5583272A45847300FCDBD4 /* Xplore.xcdatamodeld */ = {
			isa = XCVersionGroup;
			children = (
				6E5583282A45847300FCDBD4 /* Xplore.xcdatamodel */,
			);
			currentVersion = 6E5583282A45847300FCDBD4 /* Xplore.xcdatamodel */;
			path = Xplore.xcdatamodeld;
			sourceTree = "<group>";
			versionGroupType = wrapper.xcdatamodel;
		};
/* End XCVersionGroup section */
	};
	rootObject = 6E5583112A45847100FCDBD4 /* Project object */;
}
